// !$*UTF8*$!
{
	archiveVersion = 1;
	classes = {
	};
	objectVersion = 56;
	objects = {

/* Begin PBXBuildFile section */
		191A22C82B052C9700370CB0 /* SetGame3App.swift in Sources */ = {isa = PBXBuildFile; fileRef = 191A22C72B052C9700370CB0 /* SetGame3App.swift */; };
		191A22CA2B052C9700370CB0 /* ContentView.swift in Sources */ = {isa = PBXBuildFile; fileRef = 191A22C92B052C9700370CB0 /* ContentView.swift */; };
		191A22CC2B052C9900370CB0 /* Assets.xcassets in Resources */ = {isa = PBXBuildFile; fileRef = 191A22CB2B052C9900370CB0 /* Assets.xcassets */; };
		191A22CF2B052C9900370CB0 /* Preview Assets.xcassets in Resources */ = {isa = PBXBuildFile; fileRef = 191A22CE2B052C9900370CB0 /* Preview Assets.xcassets */; };
		191A22F22B052CC700370CB0 /* AspectVGrid.swift in Sources */ = {isa = PBXBuildFile; fileRef = 191A22F12B052CC700370CB0 /* AspectVGrid.swift */; };
		191A22F42B052CDA00370CB0 /* CardView.swift in Sources */ = {isa = PBXBuildFile; fileRef = 191A22F32B052CDA00370CB0 /* CardView.swift */; };
		191A22F62B052CE500370CB0 /* Model.swift in Sources */ = {isa = PBXBuildFile; fileRef = 191A22F52B052CE500370CB0 /* Model.swift */; };
		191A22F82B052CF500370CB0 /* Shapes.swift in Sources */ = {isa = PBXBuildFile; fileRef = 191A22F72B052CF500370CB0 /* Shapes.swift */; };
		191A22FA2B052CFF00370CB0 /* ViewModel.swift in Sources */ = {isa = PBXBuildFile; fileRef = 191A22F92B052CFF00370CB0 /* ViewModel.swift */; };
		191A22FC2B0533AB00370CB0 /* CardPileView.swift in Sources */ = {isa = PBXBuildFile; fileRef = 191A22FB2B0533AB00370CB0 /* CardPileView.swift */; };
		191A22FE2B05443700370CB0 /* AspectZGrid.swift in Sources */ = {isa = PBXBuildFile; fileRef = 191A22FD2B05443700370CB0 /* AspectZGrid.swift */; };
/* End PBXBuildFile section */

/* Begin PBXContainerItemProxy section */
		191A22D52B052C9A00370CB0 /* PBXContainerItemProxy */ = {
			isa = PBXContainerItemProxy;
			containerPortal = 191A22BC2B052C9700370CB0 /* Project object */;
			proxyType = 1;
			remoteGlobalIDString = 191A22C32B052C9700370CB0;
			remoteInfo = SetGame3;
		};
		191A22DF2B052C9A00370CB0 /* PBXContainerItemProxy */ = {
			isa = PBXContainerItemProxy;
			containerPortal = 191A22BC2B052C9700370CB0 /* Project object */;
			proxyType = 1;
			remoteGlobalIDString = 191A22C32B052C9700370CB0;
			remoteInfo = SetGame3;
		};
/* End PBXContainerItemProxy section */

/* Begin PBXFileReference section */
		191A22C42B052C9700370CB0 /* SetGame3.app */ = {isa = PBXFileReference; explicitFileType = wrapper.application; includeInIndex = 0; path = SetGame3.app; sourceTree = BUILT_PRODUCTS_DIR; };
		191A22C72B052C9700370CB0 /* SetGame3App.swift */ = {isa = PBXFileReference; lastKnownFileType = sourcecode.swift; path = SetGame3App.swift; sourceTree = "<group>"; };
		191A22C92B052C9700370CB0 /* ContentView.swift */ = {isa = PBXFileReference; lastKnownFileType = sourcecode.swift; path = ContentView.swift; sourceTree = "<group>"; };
		191A22CB2B052C9900370CB0 /* Assets.xcassets */ = {isa = PBXFileReference; lastKnownFileType = folder.assetcatalog; path = Assets.xcassets; sourceTree = "<group>"; };
		191A22CE2B052C9900370CB0 /* Preview Assets.xcassets */ = {isa = PBXFileReference; lastKnownFileType = folder.assetcatalog; path = "Preview Assets.xcassets"; sourceTree = "<group>"; };
		191A22D42B052C9A00370CB0 /* SetGame3Tests.xctest */ = {isa = PBXFileReference; explicitFileType = wrapper.cfbundle; includeInIndex = 0; path = SetGame3Tests.xctest; sourceTree = BUILT_PRODUCTS_DIR; };
		191A22DE2B052C9A00370CB0 /* SetGame3UITests.xctest */ = {isa = PBXFileReference; explicitFileType = wrapper.cfbundle; includeInIndex = 0; path = SetGame3UITests.xctest; sourceTree = BUILT_PRODUCTS_DIR; };
		191A22F12B052CC700370CB0 /* AspectVGrid.swift */ = {isa = PBXFileReference; lastKnownFileType = sourcecode.swift; path = AspectVGrid.swift; sourceTree = "<group>"; };
		191A22F32B052CDA00370CB0 /* CardView.swift */ = {isa = PBXFileReference; lastKnownFileType = sourcecode.swift; path = CardView.swift; sourceTree = "<group>"; };
		191A22F52B052CE500370CB0 /* Model.swift */ = {isa = PBXFileReference; lastKnownFileType = sourcecode.swift; path = Model.swift; sourceTree = "<group>"; };
		191A22F72B052CF500370CB0 /* Shapes.swift */ = {isa = PBXFileReference; lastKnownFileType = sourcecode.swift; path = Shapes.swift; sourceTree = "<group>"; };
		191A22F92B052CFF00370CB0 /* ViewModel.swift */ = {isa = PBXFileReference; lastKnownFileType = sourcecode.swift; path = ViewModel.swift; sourceTree = "<group>"; };
		191A22FB2B0533AB00370CB0 /* CardPileView.swift */ = {isa = PBXFileReference; lastKnownFileType = sourcecode.swift; path = CardPileView.swift; sourceTree = "<group>"; };
		191A22FD2B05443700370CB0 /* AspectZGrid.swift */ = {isa = PBXFileReference; lastKnownFileType = sourcecode.swift; path = AspectZGrid.swift; sourceTree = "<group>"; };
/* End PBXFileReference section */

/* Begin PBXFrameworksBuildPhase section */
		191A22C12B052C9700370CB0 /* Frameworks */ = {
			isa = PBXFrameworksBuildPhase;
			buildActionMask = 2147483647;
			files = (
			);
			runOnlyForDeploymentPostprocessing = 0;
		};
		191A22D12B052C9A00370CB0 /* Frameworks */ = {
			isa = PBXFrameworksBuildPhase;
			buildActionMask = 2147483647;
			files = (
			);
			runOnlyForDeploymentPostprocessing = 0;
		};
		191A22DB2B052C9A00370CB0 /* Frameworks */ = {
			isa = PBXFrameworksBuildPhase;
			buildActionMask = 2147483647;
			files = (
			);
			runOnlyForDeploymentPostprocessing = 0;
		};
/* End PBXFrameworksBuildPhase section */

/* Begin PBXGroup section */
		191A22BB2B052C9700370CB0 = {
			isa = PBXGroup;
			children = (
				191A22C62B052C9700370CB0 /* SetGame3 */,
				191A22C52B052C9700370CB0 /* Products */,
			);
			sourceTree = "<group>";
		};
		191A22C52B052C9700370CB0 /* Products */ = {
			isa = PBXGroup;
			children = (
				191A22C42B052C9700370CB0 /* SetGame3.app */,
				191A22D42B052C9A00370CB0 /* SetGame3Tests.xctest */,
				191A22DE2B052C9A00370CB0 /* SetGame3UITests.xctest */,
			);
			name = Products;
			sourceTree = "<group>";
		};
		191A22C62B052C9700370CB0 /* SetGame3 */ = {
			isa = PBXGroup;
			children = (
				191A22C72B052C9700370CB0 /* SetGame3App.swift */,
				191A22C92B052C9700370CB0 /* ContentView.swift */,
				191A22F12B052CC700370CB0 /* AspectVGrid.swift */,
				191A22FD2B05443700370CB0 /* AspectZGrid.swift */,
				191A22F32B052CDA00370CB0 /* CardView.swift */,
				191A22FB2B0533AB00370CB0 /* CardPileView.swift */,
				191A22F52B052CE500370CB0 /* Model.swift */,
				191A22F72B052CF500370CB0 /* Shapes.swift */,
				191A22F92B052CFF00370CB0 /* ViewModel.swift */,
				191A22CB2B052C9900370CB0 /* Assets.xcassets */,
				191A22CD2B052C9900370CB0 /* Preview Content */,
			);
			path = SetGame3;
			sourceTree = "<group>";
		};
		191A22CD2B052C9900370CB0 /* Preview Content */ = {
			isa = PBXGroup;
			children = (
				191A22CE2B052C9900370CB0 /* Preview Assets.xcassets */,
			);
			path = "Preview Content";
			sourceTree = "<group>";
		};
/* End PBXGroup section */

/* Begin PBXNativeTarget section */
		191A22C32B052C9700370CB0 /* SetGame3 */ = {
			isa = PBXNativeTarget;
			buildConfigurationList = 191A22E82B052C9A00370CB0 /* Build configuration list for PBXNativeTarget "SetGame3" */;
			buildPhases = (
				191A22C02B052C9700370CB0 /* Sources */,
				191A22C12B052C9700370CB0 /* Frameworks */,
				191A22C22B052C9700370CB0 /* Resources */,
			);
			buildRules = (
			);
			dependencies = (
			);
			name = SetGame3;
			productName = SetGame3;
			productReference = 191A22C42B052C9700370CB0 /* SetGame3.app */;
			productType = "com.apple.product-type.application";
		};
		191A22D32B052C9A00370CB0 /* SetGame3Tests */ = {
			isa = PBXNativeTarget;
			buildConfigurationList = 191A22EB2B052C9A00370CB0 /* Build configuration list for PBXNativeTarget "SetGame3Tests" */;
			buildPhases = (
				191A22D02B052C9A00370CB0 /* Sources */,
				191A22D12B052C9A00370CB0 /* Frameworks */,
				191A22D22B052C9A00370CB0 /* Resources */,
			);
			buildRules = (
			);
			dependencies = (
				191A22D62B052C9A00370CB0 /* PBXTargetDependency */,
			);
			name = SetGame3Tests;
			productName = SetGame3Tests;
			productReference = 191A22D42B052C9A00370CB0 /* SetGame3Tests.xctest */;
			productType = "com.apple.product-type.bundle.unit-test";
		};
		191A22DD2B052C9A00370CB0 /* SetGame3UITests */ = {
			isa = PBXNativeTarget;
			buildConfigurationList = 191A22EE2B052C9A00370CB0 /* Build configuration list for PBXNativeTarget "SetGame3UITests" */;
			buildPhases = (
				191A22DA2B052C9A00370CB0 /* Sources */,
				191A22DB2B052C9A00370CB0 /* Frameworks */,
				191A22DC2B052C9A00370CB0 /* Resources */,
			);
			buildRules = (
			);
			dependencies = (
				191A22E02B052C9A00370CB0 /* PBXTargetDependency */,
			);
			name = SetGame3UITests;
			productName = SetGame3UITests;
			productReference = 191A22DE2B052C9A00370CB0 /* SetGame3UITests.xctest */;
			productType = "com.apple.product-type.bundle.ui-testing";
		};
/* End PBXNativeTarget section */

/* Begin PBXProject section */
		191A22BC2B052C9700370CB0 /* Project object */ = {
			isa = PBXProject;
			attributes = {
				BuildIndependentTargetsInParallel = 1;
				LastSwiftUpdateCheck = 1500;
				LastUpgradeCheck = 1500;
				TargetAttributes = {
					191A22C32B052C9700370CB0 = {
						CreatedOnToolsVersion = 15.0.1;
					};
					191A22D32B052C9A00370CB0 = {
						CreatedOnToolsVersion = 15.0.1;
						TestTargetID = 191A22C32B052C9700370CB0;
					};
					191A22DD2B052C9A00370CB0 = {
						CreatedOnToolsVersion = 15.0.1;
						TestTargetID = 191A22C32B052C9700370CB0;
					};
				};
			};
			buildConfigurationList = 191A22BF2B052C9700370CB0 /* Build configuration list for PBXProject "SetGame3" */;
			compatibilityVersion = "Xcode 14.0";
			developmentRegion = en;
			hasScannedForEncodings = 0;
			knownRegions = (
				en,
				Base,
			);
			mainGroup = 191A22BB2B052C9700370CB0;
			productRefGroup = 191A22C52B052C9700370CB0 /* Products */;
			projectDirPath = "";
			projectRoot = "";
			targets = (
				191A22C32B052C9700370CB0 /* SetGame3 */,
				191A22D32B052C9A00370CB0 /* SetGame3Tests */,
				191A22DD2B052C9A00370CB0 /* SetGame3UITests */,
			);
		};
/* End PBXProject section */

/* Begin PBXResourcesBuildPhase section */
		191A22C22B052C9700370CB0 /* Resources */ = {
			isa = PBXResourcesBuildPhase;
			buildActionMask = 2147483647;
			files = (
				191A22CF2B052C9900370CB0 /* Preview Assets.xcassets in Resources */,
				191A22CC2B052C9900370CB0 /* Assets.xcassets in Resources */,
			);
			runOnlyForDeploymentPostprocessing = 0;
		};
		191A22D22B052C9A00370CB0 /* Resources */ = {
			isa = PBXResourcesBuildPhase;
			buildActionMask = 2147483647;
			files = (
			);
			runOnlyForDeploymentPostprocessing = 0;
		};
		191A22DC2B052C9A00370CB0 /* Resources */ = {
			isa = PBXResourcesBuildPhase;
			buildActionMask = 2147483647;
			files = (
			);
			runOnlyForDeploymentPostprocessing = 0;
		};
/* End PBXResourcesBuildPhase section */

/* Begin PBXSourcesBuildPhase section */
		191A22C02B052C9700370CB0 /* Sources */ = {
			isa = PBXSourcesBuildPhase;
			buildActionMask = 2147483647;
			files = (
				191A22F62B052CE500370CB0 /* Model.swift in Sources */,
				191A22FE2B05443700370CB0 /* AspectZGrid.swift in Sources */,
				191A22CA2B052C9700370CB0 /* ContentView.swift in Sources */,
				191A22C82B052C9700370CB0 /* SetGame3App.swift in Sources */,
				191A22F42B052CDA00370CB0 /* CardView.swift in Sources */,
				191A22FC2B0533AB00370CB0 /* CardPileView.swift in Sources */,
				191A22F22B052CC700370CB0 /* AspectVGrid.swift in Sources */,
				191A22F82B052CF500370CB0 /* Shapes.swift in Sources */,
				191A22FA2B052CFF00370CB0 /* ViewModel.swift in Sources */,
			);
			runOnlyForDeploymentPostprocessing = 0;
		};
		191A22D02B052C9A00370CB0 /* Sources */ = {
			isa = PBXSourcesBuildPhase;
			buildActionMask = 2147483647;
			files = (
			);
			runOnlyForDeploymentPostprocessing = 0;
		};
		191A22DA2B052C9A00370CB0 /* Sources */ = {
			isa = PBXSourcesBuildPhase;
			buildActionMask = 2147483647;
			files = (
			);
			runOnlyForDeploymentPostprocessing = 0;
		};
/* End PBXSourcesBuildPhase section */

/* Begin PBXTargetDependency section */
		191A22D62B052C9A00370CB0 /* PBXTargetDependency */ = {
			isa = PBXTargetDependency;
			target = 191A22C32B052C9700370CB0 /* SetGame3 */;
			targetProxy = 191A22D52B052C9A00370CB0 /* PBXContainerItemProxy */;
		};
		191A22E02B052C9A00370CB0 /* PBXTargetDependency */ = {
			isa = PBXTargetDependency;
			target = 191A22C32B052C9700370CB0 /* SetGame3 */;
			targetProxy = 191A22DF2B052C9A00370CB0 /* PBXContainerItemProxy */;
		};
/* End PBXTargetDependency section */

/* Begin XCBuildConfiguration section */
		191A22E62B052C9A00370CB0 /* Debug */ = {
			isa = XCBuildConfiguration;
			buildSettings = {
				ALWAYS_SEARCH_USER_PATHS = NO;
				ASSETCATALOG_COMPILER_GENERATE_SWIFT_ASSET_SYMBOL_EXTENSIONS = YES;
				CLANG_ANALYZER_NONNULL = YES;
				CLANG_ANALYZER_NUMBER_OBJECT_CONVERSION = YES_AGGRESSIVE;
				CLANG_CXX_LANGUAGE_STANDARD = "gnu++20";
				CLANG_ENABLE_MODULES = YES;
				CLANG_ENABLE_OBJC_ARC = YES;
				CLANG_ENABLE_OBJC_WEAK = YES;
				CLANG_WARN_BLOCK_CAPTURE_AUTORELEASING = YES;
				CLANG_WARN_BOOL_CONVERSION = YES;
				CLANG_WARN_COMMA = YES;
				CLANG_WARN_CONSTANT_CONVERSION = YES;
				CLANG_WARN_DEPRECATED_OBJC_IMPLEMENTATIONS = YES;
				CLANG_WARN_DIRECT_OBJC_ISA_USAGE = YES_ERROR;
				CLANG_WARN_DOCUMENTATION_COMMENTS = YES;
				CLANG_WARN_EMPTY_BODY = YES;
				CLANG_WARN_ENUM_CONVERSION = YES;
				CLANG_WARN_INFINITE_RECURSION = YES;
				CLANG_WARN_INT_CONVERSION = YES;
				CLANG_WARN_NON_LITERAL_NULL_CONVERSION = YES;
				CLANG_WARN_OBJC_IMPLICIT_RETAIN_SELF = YES;
				CLANG_WARN_OBJC_LITERAL_CONVERSION = YES;
				CLANG_WARN_OBJC_ROOT_CLASS = YES_ERROR;
				CLANG_WARN_QUOTED_INCLUDE_IN_FRAMEWORK_HEADER = YES;
				CLANG_WARN_RANGE_LOOP_ANALYSIS = YES;
				CLANG_WARN_STRICT_PROTOTYPES = YES;
				CLANG_WARN_SUSPICIOUS_MOVE = YES;
				CLANG_WARN_UNGUARDED_AVAILABILITY = YES_AGGRESSIVE;
				CLANG_WARN_UNREACHABLE_CODE = YES;
				CLANG_WARN__DUPLICATE_METHOD_MATCH = YES;
				COPY_PHASE_STRIP = NO;
				DEBUG_INFORMATION_FORMAT = dwarf;
				ENABLE_STRICT_OBJC_MSGSEND = YES;
				ENABLE_TESTABILITY = YES;
				ENABLE_USER_SCRIPT_SANDBOXING = YES;
				GCC_C_LANGUAGE_STANDARD = gnu17;
				GCC_DYNAMIC_NO_PIC = NO;
				GCC_NO_COMMON_BLOCKS = YES;
				GCC_OPTIMIZATION_LEVEL = 0;
				GCC_PREPROCESSOR_DEFINITIONS = (
					"DEBUG=1",
					"$(inherited)",
				);
				GCC_WARN_64_TO_32_BIT_CONVERSION = YES;
				GCC_WARN_ABOUT_RETURN_TYPE = YES_ERROR;
				GCC_WARN_UNDECLARED_SELECTOR = YES;
				GCC_WARN_UNINITIALIZED_AUTOS = YES_AGGRESSIVE;
				GCC_WARN_UNUSED_FUNCTION = YES;
				GCC_WARN_UNUSED_VARIABLE = YES;
				IPHONEOS_DEPLOYMENT_TARGET = 17.0;
				LOCALIZATION_PREFERS_STRING_CATALOGS = YES;
				MTL_ENABLE_DEBUG_INFO = INCLUDE_SOURCE;
				MTL_FAST_MATH = YES;
				ONLY_ACTIVE_ARCH = YES;
				SDKROOT = iphoneos;
				SWIFT_ACTIVE_COMPILATION_CONDITIONS = "DEBUG $(inherited)";
				SWIFT_OPTIMIZATION_LEVEL = "-Onone";
			};
			name = Debug;
		};
		191A22E72B052C9A00370CB0 /* Release */ = {
			isa = XCBuildConfiguration;
			buildSettings = {
				ALWAYS_SEARCH_USER_PATHS = NO;
				ASSETCATALOG_COMPILER_GENERATE_SWIFT_ASSET_SYMBOL_EXTENSIONS = YES;
				CLANG_ANALYZER_NONNULL = YES;
				CLANG_ANALYZER_NUMBER_OBJECT_CONVERSION = YES_AGGRESSIVE;
				CLANG_CXX_LANGUAGE_STANDARD = "gnu++20";
				CLANG_ENABLE_MODULES = YES;
				CLANG_ENABLE_OBJC_ARC = YES;
				CLANG_ENABLE_OBJC_WEAK = YES;
				CLANG_WARN_BLOCK_CAPTURE_AUTORELEASING = YES;
				CLANG_WARN_BOOL_CONVERSION = YES;
				CLANG_WARN_COMMA = YES;
				CLANG_WARN_CONSTANT_CONVERSION = YES;
				CLANG_WARN_DEPRECATED_OBJC_IMPLEMENTATIONS = YES;
				CLANG_WARN_DIRECT_OBJC_ISA_USAGE = YES_ERROR;
				CLANG_WARN_DOCUMENTATION_COMMENTS = YES;
				CLANG_WARN_EMPTY_BODY = YES;
				CLANG_WARN_ENUM_CONVERSION = YES;
				CLANG_WARN_INFINITE_RECURSION = YES;
				CLANG_WARN_INT_CONVERSION = YES;
				CLANG_WARN_NON_LITERAL_NULL_CONVERSION = YES;
				CLANG_WARN_OBJC_IMPLICIT_RETAIN_SELF = YES;
				CLANG_WARN_OBJC_LITERAL_CONVERSION = YES;
				CLANG_WARN_OBJC_ROOT_CLASS = YES_ERROR;
				CLANG_WARN_QUOTED_INCLUDE_IN_FRAMEWORK_HEADER = YES;
				CLANG_WARN_RANGE_LOOP_ANALYSIS = YES;
				CLANG_WARN_STRICT_PROTOTYPES = YES;
				CLANG_WARN_SUSPICIOUS_MOVE = YES;
				CLANG_WARN_UNGUARDED_AVAILABILITY = YES_AGGRESSIVE;
				CLANG_WARN_UNREACHABLE_CODE = YES;
				CLANG_WARN__DUPLICATE_METHOD_MATCH = YES;
				COPY_PHASE_STRIP = NO;
				DEBUG_INFORMATION_FORMAT = "dwarf-with-dsym";
				ENABLE_NS_ASSERTIONS = NO;
				ENABLE_STRICT_OBJC_MSGSEND = YES;
				ENABLE_USER_SCRIPT_SANDBOXING = YES;
				GCC_C_LANGUAGE_STANDARD = gnu17;
				GCC_NO_COMMON_BLOCKS = YES;
				GCC_WARN_64_TO_32_BIT_CONVERSION = YES;
				GCC_WARN_ABOUT_RETURN_TYPE = YES_ERROR;
				GCC_WARN_UNDECLARED_SELECTOR = YES;
				GCC_WARN_UNINITIALIZED_AUTOS = YES_AGGRESSIVE;
				GCC_WARN_UNUSED_FUNCTION = YES;
				GCC_WARN_UNUSED_VARIABLE = YES;
				IPHONEOS_DEPLOYMENT_TARGET = 17.0;
				LOCALIZATION_PREFERS_STRING_CATALOGS = YES;
				MTL_ENABLE_DEBUG_INFO = NO;
				MTL_FAST_MATH = YES;
				SDKROOT = iphoneos;
				SWIFT_COMPILATION_MODE = wholemodule;
				VALIDATE_PRODUCT = YES;
			};
			name = Release;
		};
		191A22E92B052C9A00370CB0 /* Debug */ = {
			isa = XCBuildConfiguration;
			buildSettings = {
				ASSETCATALOG_COMPILER_APPICON_NAME = AppIcon;
				ASSETCATALOG_COMPILER_GLOBAL_ACCENT_COLOR_NAME = AccentColor;
				CODE_SIGN_STYLE = Automatic;
				CURRENT_PROJECT_VERSION = 1;
				DEVELOPMENT_ASSET_PATHS = "\"SetGame3/Preview Content\"";
				DEVELOPMENT_TEAM = MNC3AV4599;
				ENABLE_PREVIEWS = YES;
				GENERATE_INFOPLIST_FILE = YES;
				INFOPLIST_KEY_UIApplicationSceneManifest_Generation = YES;
				INFOPLIST_KEY_UIApplicationSupportsIndirectInputEvents = YES;
				INFOPLIST_KEY_UILaunchScreen_Generation = YES;
				INFOPLIST_KEY_UISupportedInterfaceOrientations_iPad = "UIInterfaceOrientationPortrait UIInterfaceOrientationPortraitUpsideDown UIInterfaceOrientationLandscapeLeft UIInterfaceOrientationLandscapeRight";
				INFOPLIST_KEY_UISupportedInterfaceOrientations_iPhone = "UIInterfaceOrientationPortrait UIInterfaceOrientationLandscapeLeft UIInterfaceOrientationLandscapeRight";
				LD_RUNPATH_SEARCH_PATHS = (
					"$(inherited)",
					"@executable_path/Frameworks",
				);
				MARKETING_VERSION = 1.0;
				PRODUCT_BUNDLE_IDENTIFIER = "Leonhard-Tilly.SetGame3";
				PRODUCT_NAME = "$(TARGET_NAME)";
				SWIFT_EMIT_LOC_STRINGS = YES;
				SWIFT_VERSION = 5.0;
				TARGETED_DEVICE_FAMILY = "1,2";
			};
			name = Debug;
		};
		191A22EA2B052C9A00370CB0 /* Release */ = {
			isa = XCBuildConfiguration;
			buildSettings = {
				ASSETCATALOG_COMPILER_APPICON_NAME = AppIcon;
				ASSETCATALOG_COMPILER_GLOBAL_ACCENT_COLOR_NAME = AccentColor;
				CODE_SIGN_STYLE = Automatic;
				CURRENT_PROJECT_VERSION = 1;
				DEVELOPMENT_ASSET_PATHS = "\"SetGame3/Preview Content\"";
				DEVELOPMENT_TEAM = MNC3AV4599;
				ENABLE_PREVIEWS = YES;
				GENERATE_INFOPLIST_FILE = YES;
				INFOPLIST_KEY_UIApplicationSceneManifest_Generation = YES;
				INFOPLIST_KEY_UIApplicationSupportsIndirectInputEvents = YES;
				INFOPLIST_KEY_UILaunchScreen_Generation = YES;
				INFOPLIST_KEY_UISupportedInterfaceOrientations_iPad = "UIInterfaceOrientationPortrait UIInterfaceOrientationPortraitUpsideDown UIInterfaceOrientationLandscapeLeft UIInterfaceOrientationLandscapeRight";
				INFOPLIST_KEY_UISupportedInterfaceOrientations_iPhone = "UIInterfaceOrientationPortrait UIInterfaceOrientationLandscapeLeft UIInterfaceOrientationLandscapeRight";
				LD_RUNPATH_SEARCH_PATHS = (
					"$(inherited)",
					"@executable_path/Frameworks",
				);
				MARKETING_VERSION = 1.0;
				PRODUCT_BUNDLE_IDENTIFIER = "Leonhard-Tilly.SetGame3";
				PRODUCT_NAME = "$(TARGET_NAME)";
				SWIFT_EMIT_LOC_STRINGS = YES;
				SWIFT_VERSION = 5.0;
				TARGETED_DEVICE_FAMILY = "1,2";
			};
			name = Release;
		};
		191A22EC2B052C9A00370CB0 /* Debug */ = {
			isa = XCBuildConfiguration;
			buildSettings = {
				ALWAYS_EMBED_SWIFT_STANDARD_LIBRARIES = YES;
				BUNDLE_LOADER = "$(TEST_HOST)";
				CODE_SIGN_STYLE = Automatic;
				CURRENT_PROJECT_VERSION = 1;
				DEVELOPMENT_TEAM = MNC3AV4599;
				GENERATE_INFOPLIST_FILE = YES;
				IPHONEOS_DEPLOYMENT_TARGET = 17.0;
				MARKETING_VERSION = 1.0;
				PRODUCT_BUNDLE_IDENTIFIER = "Leonhard-Tilly.SetGame3Tests";
				PRODUCT_NAME = "$(TARGET_NAME)";
				SWIFT_EMIT_LOC_STRINGS = NO;
				SWIFT_VERSION = 5.0;
				TARGETED_DEVICE_FAMILY = "1,2";
				TEST_HOST = "$(BUILT_PRODUCTS_DIR)/SetGame3.app/$(BUNDLE_EXECUTABLE_FOLDER_PATH)/SetGame3";
			};
			name = Debug;
		};
		191A22ED2B052C9A00370CB0 /* Release */ = {
			isa = XCBuildConfiguration;
			buildSettings = {
				ALWAYS_EMBED_SWIFT_STANDARD_LIBRARIES = YES;
				BUNDLE_LOADER = "$(TEST_HOST)";
				CODE_SIGN_STYLE = Automatic;
				CURRENT_PROJECT_VERSION = 1;
				DEVELOPMENT_TEAM = MNC3AV4599;
				GENERATE_INFOPLIST_FILE = YES;
				IPHONEOS_DEPLOYMENT_TARGET = 17.0;
				MARKETING_VERSION = 1.0;
				PRODUCT_BUNDLE_IDENTIFIER = "Leonhard-Tilly.SetGame3Tests";
				PRODUCT_NAME = "$(TARGET_NAME)";
				SWIFT_EMIT_LOC_STRINGS = NO;
				SWIFT_VERSION = 5.0;
				TARGETED_DEVICE_FAMILY = "1,2";
				TEST_HOST = "$(BUILT_PRODUCTS_DIR)/SetGame3.app/$(BUNDLE_EXECUTABLE_FOLDER_PATH)/SetGame3";
			};
			name = Release;
		};
		191A22EF2B052C9A00370CB0 /* Debug */ = {
			isa = XCBuildConfiguration;
			buildSettings = {
				ALWAYS_EMBED_SWIFT_STANDARD_LIBRARIES = YES;
				CODE_SIGN_STYLE = Automatic;
				CURRENT_PROJECT_VERSION = 1;
				DEVELOPMENT_TEAM = MNC3AV4599;
				GENERATE_INFOPLIST_FILE = YES;
				MARKETING_VERSION = 1.0;
				PRODUCT_BUNDLE_IDENTIFIER = "Leonhard-Tilly.SetGame3UITests";
				PRODUCT_NAME = "$(TARGET_NAME)";
				SWIFT_EMIT_LOC_STRINGS = NO;
				SWIFT_VERSION = 5.0;
				TARGETED_DEVICE_FAMILY = "1,2";
				TEST_TARGET_NAME = SetGame3;
			};
			name = Debug;
		};
		191A22F02B052C9A00370CB0 /* Release */ = {
			isa = XCBuildConfiguration;
			buildSettings = {
				ALWAYS_EMBED_SWIFT_STANDARD_LIBRARIES = YES;
				CODE_SIGN_STYLE = Automatic;
				CURRENT_PROJECT_VERSION = 1;
				DEVELOPMENT_TEAM = MNC3AV4599;
				GENERATE_INFOPLIST_FILE = YES;
				MARKETING_VERSION = 1.0;
				PRODUCT_BUNDLE_IDENTIFIER = "Leonhard-Tilly.SetGame3UITests";
				PRODUCT_NAME = "$(TARGET_NAME)";
				SWIFT_EMIT_LOC_STRINGS = NO;
				SWIFT_VERSION = 5.0;
				TARGETED_DEVICE_FAMILY = "1,2";
				TEST_TARGET_NAME = SetGame3;
			};
			name = Release;
		};
/* End XCBuildConfiguration section */

/* Begin XCConfigurationList section */
		191A22BF2B052C9700370CB0 /* Build configuration list for PBXProject "SetGame3" */ = {
			isa = XCConfigurationList;
			buildConfigurations = (
				191A22E62B052C9A00370CB0 /* Debug */,
				191A22E72B052C9A00370CB0 /* Release */,
			);
			defaultConfigurationIsVisible = 0;
			defaultConfigurationName = Release;
		};
		191A22E82B052C9A00370CB0 /* Build configuration list for PBXNativeTarget "SetGame3" */ = {
			isa = XCConfigurationList;
			buildConfigurations = (
				191A22E92B052C9A00370CB0 /* Debug */,
				191A22EA2B052C9A00370CB0 /* Release */,
			);
			defaultConfigurationIsVisible = 0;
			defaultConfigurationName = Release;
		};
		191A22EB2B052C9A00370CB0 /* Build configuration list for PBXNativeTarget "SetGame3Tests" */ = {
			isa = XCConfigurationList;
			buildConfigurations = (
				191A22EC2B052C9A00370CB0 /* Debug */,
				191A22ED2B052C9A00370CB0 /* Release */,
			);
			defaultConfigurationIsVisible = 0;
			defaultConfigurationName = Release;
		};
		191A22EE2B052C9A00370CB0 /* Build configuration list for PBXNativeTarget "SetGame3UITests" */ = {
			isa = XCConfigurationList;
			buildConfigurations = (
				191A22EF2B052C9A00370CB0 /* Debug */,
				191A22F02B052C9A00370CB0 /* Release */,
			);
			defaultConfigurationIsVisible = 0;
			defaultConfigurationName = Release;
		};
/* End XCConfigurationList section */
	};
	rootObject = 191A22BC2B052C9700370CB0 /* Project object */;
}
