// !$*UTF8*$!
{
	archiveVersion = 1;
	classes = {
	};
	objectVersion = 56;
	objects = {

/* Begin PBXBuildFile section */
		1967075F2AC5A26C00BC5D54 /* iOS_ProgrammierungApp.swift in Sources */ = {isa = PBXBuildFile; fileRef = 1967075E2AC5A26C00BC5D54 /* iOS_ProgrammierungApp.swift */; };
		196707612AC5A26C00BC5D54 /* ContentView.swift in Sources */ = {isa = PBXBuildFile; fileRef = 196707602AC5A26C00BC5D54 /* ContentView.swift */; };
		196707632AC5A26D00BC5D54 /* Assets.xcassets in Resources */ = {isa = PBXBuildFile; fileRef = 196707622AC5A26D00BC5D54 /* Assets.xcassets */; };
		196707662AC5A26D00BC5D54 /* Preview Assets.xcassets in Resources */ = {isa = PBXBuildFile; fileRef = 196707652AC5A26D00BC5D54 /* Preview Assets.xcassets */; };
		196707702AC5A26D00BC5D54 /* iOS_ProgrammierungTests.swift in Sources */ = {isa = PBXBuildFile; fileRef = 1967076F2AC5A26D00BC5D54 /* iOS_ProgrammierungTests.swift */; };
		1967077A2AC5A26D00BC5D54 /* iOS_ProgrammierungUITests.swift in Sources */ = {isa = PBXBuildFile; fileRef = 196707792AC5A26D00BC5D54 /* iOS_ProgrammierungUITests.swift */; };
		1967077C2AC5A26D00BC5D54 /* iOS_ProgrammierungUITestsLaunchTests.swift in Sources */ = {isa = PBXBuildFile; fileRef = 1967077B2AC5A26D00BC5D54 /* iOS_ProgrammierungUITestsLaunchTests.swift */; };
		19985D3C2ACEE1BD009802A1 /* MemoryGame.swift in Sources */ = {isa = PBXBuildFile; fileRef = 19985D3B2ACEE1BD009802A1 /* MemoryGame.swift */; };
		19985D3E2ACEE3C9009802A1 /* EmojiMemoryGame.swift in Sources */ = {isa = PBXBuildFile; fileRef = 19985D3D2ACEE3C9009802A1 /* EmojiMemoryGame.swift */; };
/* End PBXBuildFile section */

/* Begin PBXContainerItemProxy section */
		1967076C2AC5A26D00BC5D54 /* PBXContainerItemProxy */ = {
			isa = PBXContainerItemProxy;
			containerPortal = 196707532AC5A26C00BC5D54 /* Project object */;
			proxyType = 1;
			remoteGlobalIDString = 1967075A2AC5A26C00BC5D54;
			remoteInfo = "iOS-Programmierung";
		};
		196707762AC5A26D00BC5D54 /* PBXContainerItemProxy */ = {
			isa = PBXContainerItemProxy;
			containerPortal = 196707532AC5A26C00BC5D54 /* Project object */;
			proxyType = 1;
			remoteGlobalIDString = 1967075A2AC5A26C00BC5D54;
			remoteInfo = "iOS-Programmierung";
		};
/* End PBXContainerItemProxy section */

/* Begin PBXFileReference section */
		1967075B2AC5A26C00BC5D54 /* iOS-Programmierung.app */ = {isa = PBXFileReference; explicitFileType = wrapper.application; includeInIndex = 0; path = "iOS-Programmierung.app"; sourceTree = BUILT_PRODUCTS_DIR; };
		1967075E2AC5A26C00BC5D54 /* iOS_ProgrammierungApp.swift */ = {isa = PBXFileReference; lastKnownFileType = sourcecode.swift; path = iOS_ProgrammierungApp.swift; sourceTree = "<group>"; };
		196707602AC5A26C00BC5D54 /* ContentView.swift */ = {isa = PBXFileReference; lastKnownFileType = sourcecode.swift; path = ContentView.swift; sourceTree = "<group>"; };
		196707622AC5A26D00BC5D54 /* Assets.xcassets */ = {isa = PBXFileReference; lastKnownFileType = folder.assetcatalog; path = Assets.xcassets; sourceTree = "<group>"; };
		196707652AC5A26D00BC5D54 /* Preview Assets.xcassets */ = {isa = PBXFileReference; lastKnownFileType = folder.assetcatalog; path = "Preview Assets.xcassets"; sourceTree = "<group>"; };
		1967076B2AC5A26D00BC5D54 /* iOS-ProgrammierungTests.xctest */ = {isa = PBXFileReference; explicitFileType = wrapper.cfbundle; includeInIndex = 0; path = "iOS-ProgrammierungTests.xctest"; sourceTree = BUILT_PRODUCTS_DIR; };
		1967076F2AC5A26D00BC5D54 /* iOS_ProgrammierungTests.swift */ = {isa = PBXFileReference; lastKnownFileType = sourcecode.swift; path = iOS_ProgrammierungTests.swift; sourceTree = "<group>"; };
		196707752AC5A26D00BC5D54 /* iOS-ProgrammierungUITests.xctest */ = {isa = PBXFileReference; explicitFileType = wrapper.cfbundle; includeInIndex = 0; path = "iOS-ProgrammierungUITests.xctest"; sourceTree = BUILT_PRODUCTS_DIR; };
		196707792AC5A26D00BC5D54 /* iOS_ProgrammierungUITests.swift */ = {isa = PBXFileReference; lastKnownFileType = sourcecode.swift; path = iOS_ProgrammierungUITests.swift; sourceTree = "<group>"; };
		1967077B2AC5A26D00BC5D54 /* iOS_ProgrammierungUITestsLaunchTests.swift */ = {isa = PBXFileReference; lastKnownFileType = sourcecode.swift; path = iOS_ProgrammierungUITestsLaunchTests.swift; sourceTree = "<group>"; };
		19985D3B2ACEE1BD009802A1 /* MemoryGame.swift */ = {isa = PBXFileReference; lastKnownFileType = sourcecode.swift; path = MemoryGame.swift; sourceTree = "<group>"; };
		19985D3D2ACEE3C9009802A1 /* EmojiMemoryGame.swift */ = {isa = PBXFileReference; lastKnownFileType = sourcecode.swift; path = EmojiMemoryGame.swift; sourceTree = "<group>"; };
/* End PBXFileReference section */

/* Begin PBXFrameworksBuildPhase section */
		196707582AC5A26C00BC5D54 /* Frameworks */ = {
			isa = PBXFrameworksBuildPhase;
			buildActionMask = 2147483647;
			files = (
			);
			runOnlyForDeploymentPostprocessing = 0;
		};
		196707682AC5A26D00BC5D54 /* Frameworks */ = {
			isa = PBXFrameworksBuildPhase;
			buildActionMask = 2147483647;
			files = (
			);
			runOnlyForDeploymentPostprocessing = 0;
		};
		196707722AC5A26D00BC5D54 /* Frameworks */ = {
			isa = PBXFrameworksBuildPhase;
			buildActionMask = 2147483647;
			files = (
			);
			runOnlyForDeploymentPostprocessing = 0;
		};
/* End PBXFrameworksBuildPhase section */

/* Begin PBXGroup section */
		196707522AC5A26C00BC5D54 = {
			isa = PBXGroup;
			children = (
				1967075D2AC5A26C00BC5D54 /* iOS-Programmierung */,
				1967076E2AC5A26D00BC5D54 /* iOS-ProgrammierungTests */,
				196707782AC5A26D00BC5D54 /* iOS-ProgrammierungUITests */,
				1967075C2AC5A26C00BC5D54 /* Products */,
			);
			sourceTree = "<group>";
		};
		1967075C2AC5A26C00BC5D54 /* Products */ = {
			isa = PBXGroup;
			children = (
				1967075B2AC5A26C00BC5D54 /* iOS-Programmierung.app */,
				1967076B2AC5A26D00BC5D54 /* iOS-ProgrammierungTests.xctest */,
				196707752AC5A26D00BC5D54 /* iOS-ProgrammierungUITests.xctest */,
			);
			name = Products;
			sourceTree = "<group>";
		};
		1967075D2AC5A26C00BC5D54 /* iOS-Programmierung */ = {
			isa = PBXGroup;
			children = (
				19985D3B2ACEE1BD009802A1 /* MemoryGame.swift */,
				19985D3D2ACEE3C9009802A1 /* EmojiMemoryGame.swift */,
				1967075E2AC5A26C00BC5D54 /* iOS_ProgrammierungApp.swift */,
				196707602AC5A26C00BC5D54 /* ContentView.swift */,
				196707622AC5A26D00BC5D54 /* Assets.xcassets */,
				196707642AC5A26D00BC5D54 /* Preview Content */,
			);
			path = "iOS-Programmierung";
			sourceTree = "<group>";
		};
		196707642AC5A26D00BC5D54 /* Preview Content */ = {
			isa = PBXGroup;
			children = (
				196707652AC5A26D00BC5D54 /* Preview Assets.xcassets */,
			);
			path = "Preview Content";
			sourceTree = "<group>";
		};
		1967076E2AC5A26D00BC5D54 /* iOS-ProgrammierungTests */ = {
			isa = PBXGroup;
			children = (
				1967076F2AC5A26D00BC5D54 /* iOS_ProgrammierungTests.swift */,
			);
			path = "iOS-ProgrammierungTests";
			sourceTree = "<group>";
		};
		196707782AC5A26D00BC5D54 /* iOS-ProgrammierungUITests */ = {
			isa = PBXGroup;
			children = (
				196707792AC5A26D00BC5D54 /* iOS_ProgrammierungUITests.swift */,
				1967077B2AC5A26D00BC5D54 /* iOS_ProgrammierungUITestsLaunchTests.swift */,
			);
			path = "iOS-ProgrammierungUITests";
			sourceTree = "<group>";
		};
/* End PBXGroup section */

/* Begin PBXNativeTarget section */
		1967075A2AC5A26C00BC5D54 /* iOS-Programmierung */ = {
			isa = PBXNativeTarget;
			buildConfigurationList = 1967077F2AC5A26D00BC5D54 /* Build configuration list for PBXNativeTarget "iOS-Programmierung" */;
			buildPhases = (
				196707572AC5A26C00BC5D54 /* Sources */,
				196707582AC5A26C00BC5D54 /* Frameworks */,
				196707592AC5A26C00BC5D54 /* Resources */,
			);
			buildRules = (
			);
			dependencies = (
			);
			name = "iOS-Programmierung";
			productName = "iOS-Programmierung";
			productReference = 1967075B2AC5A26C00BC5D54 /* iOS-Programmierung.app */;
			productType = "com.apple.product-type.application";
		};
		1967076A2AC5A26D00BC5D54 /* iOS-ProgrammierungTests */ = {
			isa = PBXNativeTarget;
			buildConfigurationList = 196707822AC5A26D00BC5D54 /* Build configuration list for PBXNativeTarget "iOS-ProgrammierungTests" */;
			buildPhases = (
				196707672AC5A26D00BC5D54 /* Sources */,
				196707682AC5A26D00BC5D54 /* Frameworks */,
				196707692AC5A26D00BC5D54 /* Resources */,
			);
			buildRules = (
			);
			dependencies = (
				1967076D2AC5A26D00BC5D54 /* PBXTargetDependency */,
			);
			name = "iOS-ProgrammierungTests";
			productName = "iOS-ProgrammierungTests";
			productReference = 1967076B2AC5A26D00BC5D54 /* iOS-ProgrammierungTests.xctest */;
			productType = "com.apple.product-type.bundle.unit-test";
		};
		196707742AC5A26D00BC5D54 /* iOS-ProgrammierungUITests */ = {
			isa = PBXNativeTarget;
			buildConfigurationList = 196707852AC5A26D00BC5D54 /* Build configuration list for PBXNativeTarget "iOS-ProgrammierungUITests" */;
			buildPhases = (
				196707712AC5A26D00BC5D54 /* Sources */,
				196707722AC5A26D00BC5D54 /* Frameworks */,
				196707732AC5A26D00BC5D54 /* Resources */,
			);
			buildRules = (
			);
			dependencies = (
				196707772AC5A26D00BC5D54 /* PBXTargetDependency */,
			);
			name = "iOS-ProgrammierungUITests";
			productName = "iOS-ProgrammierungUITests";
			productReference = 196707752AC5A26D00BC5D54 /* iOS-ProgrammierungUITests.xctest */;
			productType = "com.apple.product-type.bundle.ui-testing";
		};
/* End PBXNativeTarget section */

/* Begin PBXProject section */
		196707532AC5A26C00BC5D54 /* Project object */ = {
			isa = PBXProject;
			attributes = {
				BuildIndependentTargetsInParallel = 1;
				LastSwiftUpdateCheck = 1500;
				LastUpgradeCheck = 1500;
				TargetAttributes = {
					1967075A2AC5A26C00BC5D54 = {
						CreatedOnToolsVersion = 15.0;
					};
					1967076A2AC5A26D00BC5D54 = {
						CreatedOnToolsVersion = 15.0;
						TestTargetID = 1967075A2AC5A26C00BC5D54;
					};
					196707742AC5A26D00BC5D54 = {
						CreatedOnToolsVersion = 15.0;
						TestTargetID = 1967075A2AC5A26C00BC5D54;
					};
				};
			};
			buildConfigurationList = 196707562AC5A26C00BC5D54 /* Build configuration list for PBXProject "iOS-Programmierung" */;
			compatibilityVersion = "Xcode 14.0";
			developmentRegion = en;
			hasScannedForEncodings = 0;
			knownRegions = (
				en,
				Base,
			);
			mainGroup = 196707522AC5A26C00BC5D54;
			productRefGroup = 1967075C2AC5A26C00BC5D54 /* Products */;
			projectDirPath = "";
			projectRoot = "";
			targets = (
				1967075A2AC5A26C00BC5D54 /* iOS-Programmierung */,
				1967076A2AC5A26D00BC5D54 /* iOS-ProgrammierungTests */,
				196707742AC5A26D00BC5D54 /* iOS-ProgrammierungUITests */,
			);
		};
/* End PBXProject section */

/* Begin PBXResourcesBuildPhase section */
		196707592AC5A26C00BC5D54 /* Resources */ = {
			isa = PBXResourcesBuildPhase;
			buildActionMask = 2147483647;
			files = (
				196707662AC5A26D00BC5D54 /* Preview Assets.xcassets in Resources */,
				196707632AC5A26D00BC5D54 /* Assets.xcassets in Resources */,
			);
			runOnlyForDeploymentPostprocessing = 0;
		};
		196707692AC5A26D00BC5D54 /* Resources */ = {
			isa = PBXResourcesBuildPhase;
			buildActionMask = 2147483647;
			files = (
			);
			runOnlyForDeploymentPostprocessing = 0;
		};
		196707732AC5A26D00BC5D54 /* Resources */ = {
			isa = PBXResourcesBuildPhase;
			buildActionMask = 2147483647;
			files = (
			);
			runOnlyForDeploymentPostprocessing = 0;
		};
/* End PBXResourcesBuildPhase section */

/* Begin PBXSourcesBuildPhase section */
		196707572AC5A26C00BC5D54 /* Sources */ = {
			isa = PBXSourcesBuildPhase;
			buildActionMask = 2147483647;
			files = (
				19985D3C2ACEE1BD009802A1 /* MemoryGame.swift in Sources */,
				196707612AC5A26C00BC5D54 /* ContentView.swift in Sources */,
				1967075F2AC5A26C00BC5D54 /* iOS_ProgrammierungApp.swift in Sources */,
				19985D3E2ACEE3C9009802A1 /* EmojiMemoryGame.swift in Sources */,
			);
			runOnlyForDeploymentPostprocessing = 0;
		};
		196707672AC5A26D00BC5D54 /* Sources */ = {
			isa = PBXSourcesBuildPhase;
			buildActionMask = 2147483647;
			files = (
				196707702AC5A26D00BC5D54 /* iOS_ProgrammierungTests.swift in Sources */,
			);
			runOnlyForDeploymentPostprocessing = 0;
		};
		196707712AC5A26D00BC5D54 /* Sources */ = {
			isa = PBXSourcesBuildPhase;
			buildActionMask = 2147483647;
			files = (
				1967077A2AC5A26D00BC5D54 /* iOS_ProgrammierungUITests.swift in Sources */,
				1967077C2AC5A26D00BC5D54 /* iOS_ProgrammierungUITestsLaunchTests.swift in Sources */,
			);
			runOnlyForDeploymentPostprocessing = 0;
		};
/* End PBXSourcesBuildPhase section */

/* Begin PBXTargetDependency section */
		1967076D2AC5A26D00BC5D54 /* PBXTargetDependency */ = {
			isa = PBXTargetDependency;
			target = 1967075A2AC5A26C00BC5D54 /* iOS-Programmierung */;
			targetProxy = 1967076C2AC5A26D00BC5D54 /* PBXContainerItemProxy */;
		};
		196707772AC5A26D00BC5D54 /* PBXTargetDependency */ = {
			isa = PBXTargetDependency;
			target = 1967075A2AC5A26C00BC5D54 /* iOS-Programmierung */;
			targetProxy = 196707762AC5A26D00BC5D54 /* PBXContainerItemProxy */;
		};
/* End PBXTargetDependency section */

/* Begin XCBuildConfiguration section */
		1967077D2AC5A26D00BC5D54 /* Debug */ = {
			isa = XCBuildConfiguration;
			buildSettings = {
				ALWAYS_SEARCH_USER_PATHS = NO;
				ASSETCATALOG_COMPILER_GENERATE_SWIFT_ASSET_SYMBOL_EXTENSIONS = YES;
				CLANG_ANALYZER_NONNULL = YES;
				CLANG_ANALYZER_NUMBER_OBJECT_CONVERSION = YES_AGGRESSIVE;
				CLANG_CXX_LANGUAGE_STANDARD = "gnu++20";
				CLANG_ENABLE_MODULES = YES;
				CLANG_ENABLE_OBJC_ARC = YES;
				CLANG_ENABLE_OBJC_WEAK = YES;
				CLANG_WARN_BLOCK_CAPTURE_AUTORELEASING = YES;
				CLANG_WARN_BOOL_CONVERSION = YES;
				CLANG_WARN_COMMA = YES;
				CLANG_WARN_CONSTANT_CONVERSION = YES;
				CLANG_WARN_DEPRECATED_OBJC_IMPLEMENTATIONS = YES;
				CLANG_WARN_DIRECT_OBJC_ISA_USAGE = YES_ERROR;
				CLANG_WARN_DOCUMENTATION_COMMENTS = YES;
				CLANG_WARN_EMPTY_BODY = YES;
				CLANG_WARN_ENUM_CONVERSION = YES;
				CLANG_WARN_INFINITE_RECURSION = YES;
				CLANG_WARN_INT_CONVERSION = YES;
				CLANG_WARN_NON_LITERAL_NULL_CONVERSION = YES;
				CLANG_WARN_OBJC_IMPLICIT_RETAIN_SELF = YES;
				CLANG_WARN_OBJC_LITERAL_CONVERSION = YES;
				CLANG_WARN_OBJC_ROOT_CLASS = YES_ERROR;
				CLANG_WARN_QUOTED_INCLUDE_IN_FRAMEWORK_HEADER = YES;
				CLANG_WARN_RANGE_LOOP_ANALYSIS = YES;
				CLANG_WARN_STRICT_PROTOTYPES = YES;
				CLANG_WARN_SUSPICIOUS_MOVE = YES;
				CLANG_WARN_UNGUARDED_AVAILABILITY = YES_AGGRESSIVE;
				CLANG_WARN_UNREACHABLE_CODE = YES;
				CLANG_WARN__DUPLICATE_METHOD_MATCH = YES;
				COPY_PHASE_STRIP = NO;
				DEBUG_INFORMATION_FORMAT = dwarf;
				ENABLE_STRICT_OBJC_MSGSEND = YES;
				ENABLE_TESTABILITY = YES;
				ENABLE_USER_SCRIPT_SANDBOXING = YES;
				GCC_C_LANGUAGE_STANDARD = gnu17;
				GCC_DYNAMIC_NO_PIC = NO;
				GCC_NO_COMMON_BLOCKS = YES;
				GCC_OPTIMIZATION_LEVEL = 0;
				GCC_PREPROCESSOR_DEFINITIONS = (
					"DEBUG=1",
					"$(inherited)",
				);
				GCC_WARN_64_TO_32_BIT_CONVERSION = YES;
				GCC_WARN_ABOUT_RETURN_TYPE = YES_ERROR;
				GCC_WARN_UNDECLARED_SELECTOR = YES;
				GCC_WARN_UNINITIALIZED_AUTOS = YES_AGGRESSIVE;
				GCC_WARN_UNUSED_FUNCTION = YES;
				GCC_WARN_UNUSED_VARIABLE = YES;
				IPHONEOS_DEPLOYMENT_TARGET = 17.0;
				LOCALIZATION_PREFERS_STRING_CATALOGS = YES;
				MTL_ENABLE_DEBUG_INFO = INCLUDE_SOURCE;
				MTL_FAST_MATH = YES;
				ONLY_ACTIVE_ARCH = YES;
				SDKROOT = iphoneos;
				SWIFT_ACTIVE_COMPILATION_CONDITIONS = "DEBUG $(inherited)";
				SWIFT_OPTIMIZATION_LEVEL = "-Onone";
			};
			name = Debug;
		};
		1967077E2AC5A26D00BC5D54 /* Release */ = {
			isa = XCBuildConfiguration;
			buildSettings = {
				ALWAYS_SEARCH_USER_PATHS = NO;
				ASSETCATALOG_COMPILER_GENERATE_SWIFT_ASSET_SYMBOL_EXTENSIONS = YES;
				CLANG_ANALYZER_NONNULL = YES;
				CLANG_ANALYZER_NUMBER_OBJECT_CONVERSION = YES_AGGRESSIVE;
				CLANG_CXX_LANGUAGE_STANDARD = "gnu++20";
				CLANG_ENABLE_MODULES = YES;
				CLANG_ENABLE_OBJC_ARC = YES;
				CLANG_ENABLE_OBJC_WEAK = YES;
				CLANG_WARN_BLOCK_CAPTURE_AUTORELEASING = YES;
				CLANG_WARN_BOOL_CONVERSION = YES;
				CLANG_WARN_COMMA = YES;
				CLANG_WARN_CONSTANT_CONVERSION = YES;
				CLANG_WARN_DEPRECATED_OBJC_IMPLEMENTATIONS = YES;
				CLANG_WARN_DIRECT_OBJC_ISA_USAGE = YES_ERROR;
				CLANG_WARN_DOCUMENTATION_COMMENTS = YES;
				CLANG_WARN_EMPTY_BODY = YES;
				CLANG_WARN_ENUM_CONVERSION = YES;
				CLANG_WARN_INFINITE_RECURSION = YES;
				CLANG_WARN_INT_CONVERSION = YES;
				CLANG_WARN_NON_LITERAL_NULL_CONVERSION = YES;
				CLANG_WARN_OBJC_IMPLICIT_RETAIN_SELF = YES;
				CLANG_WARN_OBJC_LITERAL_CONVERSION = YES;
				CLANG_WARN_OBJC_ROOT_CLASS = YES_ERROR;
				CLANG_WARN_QUOTED_INCLUDE_IN_FRAMEWORK_HEADER = YES;
				CLANG_WARN_RANGE_LOOP_ANALYSIS = YES;
				CLANG_WARN_STRICT_PROTOTYPES = YES;
				CLANG_WARN_SUSPICIOUS_MOVE = YES;
				CLANG_WARN_UNGUARDED_AVAILABILITY = YES_AGGRESSIVE;
				CLANG_WARN_UNREACHABLE_CODE = YES;
				CLANG_WARN__DUPLICATE_METHOD_MATCH = YES;
				COPY_PHASE_STRIP = NO;
				DEBUG_INFORMATION_FORMAT = "dwarf-with-dsym";
				ENABLE_NS_ASSERTIONS = NO;
				ENABLE_STRICT_OBJC_MSGSEND = YES;
				ENABLE_USER_SCRIPT_SANDBOXING = YES;
				GCC_C_LANGUAGE_STANDARD = gnu17;
				GCC_NO_COMMON_BLOCKS = YES;
				GCC_WARN_64_TO_32_BIT_CONVERSION = YES;
				GCC_WARN_ABOUT_RETURN_TYPE = YES_ERROR;
				GCC_WARN_UNDECLARED_SELECTOR = YES;
				GCC_WARN_UNINITIALIZED_AUTOS = YES_AGGRESSIVE;
				GCC_WARN_UNUSED_FUNCTION = YES;
				GCC_WARN_UNUSED_VARIABLE = YES;
				IPHONEOS_DEPLOYMENT_TARGET = 17.0;
				LOCALIZATION_PREFERS_STRING_CATALOGS = YES;
				MTL_ENABLE_DEBUG_INFO = NO;
				MTL_FAST_MATH = YES;
				SDKROOT = iphoneos;
				SWIFT_COMPILATION_MODE = wholemodule;
				VALIDATE_PRODUCT = YES;
			};
			name = Release;
		};
		196707802AC5A26D00BC5D54 /* Debug */ = {
			isa = XCBuildConfiguration;
			buildSettings = {
				ASSETCATALOG_COMPILER_APPICON_NAME = AppIcon;
				ASSETCATALOG_COMPILER_GLOBAL_ACCENT_COLOR_NAME = AccentColor;
				CODE_SIGN_STYLE = Automatic;
				CURRENT_PROJECT_VERSION = 1;
				DEVELOPMENT_ASSET_PATHS = "\"iOS-Programmierung/Preview Content\"";
				DEVELOPMENT_TEAM = MNC3AV4599;
				ENABLE_PREVIEWS = YES;
				GENERATE_INFOPLIST_FILE = YES;
				INFOPLIST_KEY_UIApplicationSceneManifest_Generation = YES;
				INFOPLIST_KEY_UIApplicationSupportsIndirectInputEvents = YES;
				INFOPLIST_KEY_UILaunchScreen_Generation = YES;
				INFOPLIST_KEY_UISupportedInterfaceOrientations_iPad = "UIInterfaceOrientationPortrait UIInterfaceOrientationPortraitUpsideDown UIInterfaceOrientationLandscapeLeft UIInterfaceOrientationLandscapeRight";
				INFOPLIST_KEY_UISupportedInterfaceOrientations_iPhone = "UIInterfaceOrientationPortrait UIInterfaceOrientationLandscapeLeft UIInterfaceOrientationLandscapeRight";
				IPHONEOS_DEPLOYMENT_TARGET = 16.5;
				LD_RUNPATH_SEARCH_PATHS = (
					"$(inherited)",
					"@executable_path/Frameworks",
				);
				MARKETING_VERSION = 1.0;
				PRODUCT_BUNDLE_IDENTIFIER = "Leonhard-Tilly.iOS-Programmierung";
				PRODUCT_NAME = "$(TARGET_NAME)";
				SWIFT_EMIT_LOC_STRINGS = YES;
				SWIFT_VERSION = 5.0;
				TARGETED_DEVICE_FAMILY = "1,2";
			};
			name = Debug;
		};
		196707812AC5A26D00BC5D54 /* Release */ = {
			isa = XCBuildConfiguration;
			buildSettings = {
				ASSETCATALOG_COMPILER_APPICON_NAME = AppIcon;
				ASSETCATALOG_COMPILER_GLOBAL_ACCENT_COLOR_NAME = AccentColor;
				CODE_SIGN_STYLE = Automatic;
				CURRENT_PROJECT_VERSION = 1;
				DEVELOPMENT_ASSET_PATHS = "\"iOS-Programmierung/Preview Content\"";
				DEVELOPMENT_TEAM = MNC3AV4599;
				ENABLE_PREVIEWS = YES;
				GENERATE_INFOPLIST_FILE = YES;
				INFOPLIST_KEY_UIApplicationSceneManifest_Generation = YES;
				INFOPLIST_KEY_UIApplicationSupportsIndirectInputEvents = YES;
				INFOPLIST_KEY_UILaunchScreen_Generation = YES;
				INFOPLIST_KEY_UISupportedInterfaceOrientations_iPad = "UIInterfaceOrientationPortrait UIInterfaceOrientationPortraitUpsideDown UIInterfaceOrientationLandscapeLeft UIInterfaceOrientationLandscapeRight";
				INFOPLIST_KEY_UISupportedInterfaceOrientations_iPhone = "UIInterfaceOrientationPortrait UIInterfaceOrientationLandscapeLeft UIInterfaceOrientationLandscapeRight";
				IPHONEOS_DEPLOYMENT_TARGET = 16.5;
				LD_RUNPATH_SEARCH_PATHS = (
					"$(inherited)",
					"@executable_path/Frameworks",
				);
				MARKETING_VERSION = 1.0;
				PRODUCT_BUNDLE_IDENTIFIER = "Leonhard-Tilly.iOS-Programmierung";
				PRODUCT_NAME = "$(TARGET_NAME)";
				SWIFT_EMIT_LOC_STRINGS = YES;
				SWIFT_VERSION = 5.0;
				TARGETED_DEVICE_FAMILY = "1,2";
			};
			name = Release;
		};
		196707832AC5A26D00BC5D54 /* Debug */ = {
			isa = XCBuildConfiguration;
			buildSettings = {
				ALWAYS_EMBED_SWIFT_STANDARD_LIBRARIES = YES;
				BUNDLE_LOADER = "$(TEST_HOST)";
				CODE_SIGN_STYLE = Automatic;
				CURRENT_PROJECT_VERSION = 1;
				GENERATE_INFOPLIST_FILE = YES;
				IPHONEOS_DEPLOYMENT_TARGET = 17.0;
				MARKETING_VERSION = 1.0;
				PRODUCT_BUNDLE_IDENTIFIER = "Leonhard-Tilly.iOS-ProgrammierungTests";
				PRODUCT_NAME = "$(TARGET_NAME)";
				SWIFT_EMIT_LOC_STRINGS = NO;
				SWIFT_VERSION = 5.0;
				TARGETED_DEVICE_FAMILY = "1,2";
				TEST_HOST = "$(BUILT_PRODUCTS_DIR)/iOS-Programmierung.app/$(BUNDLE_EXECUTABLE_FOLDER_PATH)/iOS-Programmierung";
			};
			name = Debug;
		};
		196707842AC5A26D00BC5D54 /* Release */ = {
			isa = XCBuildConfiguration;
			buildSettings = {
				ALWAYS_EMBED_SWIFT_STANDARD_LIBRARIES = YES;
				BUNDLE_LOADER = "$(TEST_HOST)";
				CODE_SIGN_STYLE = Automatic;
				CURRENT_PROJECT_VERSION = 1;
				GENERATE_INFOPLIST_FILE = YES;
				IPHONEOS_DEPLOYMENT_TARGET = 17.0;
				MARKETING_VERSION = 1.0;
				PRODUCT_BUNDLE_IDENTIFIER = "Leonhard-Tilly.iOS-ProgrammierungTests";
				PRODUCT_NAME = "$(TARGET_NAME)";
				SWIFT_EMIT_LOC_STRINGS = NO;
				SWIFT_VERSION = 5.0;
				TARGETED_DEVICE_FAMILY = "1,2";
				TEST_HOST = "$(BUILT_PRODUCTS_DIR)/iOS-Programmierung.app/$(BUNDLE_EXECUTABLE_FOLDER_PATH)/iOS-Programmierung";
			};
			name = Release;
		};
		196707862AC5A26D00BC5D54 /* Debug */ = {
			isa = XCBuildConfiguration;
			buildSettings = {
				ALWAYS_EMBED_SWIFT_STANDARD_LIBRARIES = YES;
				CODE_SIGN_STYLE = Automatic;
				CURRENT_PROJECT_VERSION = 1;
				GENERATE_INFOPLIST_FILE = YES;
				MARKETING_VERSION = 1.0;
				PRODUCT_BUNDLE_IDENTIFIER = "Leonhard-Tilly.iOS-ProgrammierungUITests";
				PRODUCT_NAME = "$(TARGET_NAME)";
				SWIFT_EMIT_LOC_STRINGS = NO;
				SWIFT_VERSION = 5.0;
				TARGETED_DEVICE_FAMILY = "1,2";
				TEST_TARGET_NAME = "iOS-Programmierung";
			};
			name = Debug;
		};
		196707872AC5A26D00BC5D54 /* Release */ = {
			isa = XCBuildConfiguration;
			buildSettings = {
				ALWAYS_EMBED_SWIFT_STANDARD_LIBRARIES = YES;
				CODE_SIGN_STYLE = Automatic;
				CURRENT_PROJECT_VERSION = 1;
				GENERATE_INFOPLIST_FILE = YES;
				MARKETING_VERSION = 1.0;
				PRODUCT_BUNDLE_IDENTIFIER = "Leonhard-Tilly.iOS-ProgrammierungUITests";
				PRODUCT_NAME = "$(TARGET_NAME)";
				SWIFT_EMIT_LOC_STRINGS = NO;
				SWIFT_VERSION = 5.0;
				TARGETED_DEVICE_FAMILY = "1,2";
				TEST_TARGET_NAME = "iOS-Programmierung";
			};
			name = Release;
		};
/* End XCBuildConfiguration section */

/* Begin XCConfigurationList section */
		196707562AC5A26C00BC5D54 /* Build configuration list for PBXProject "iOS-Programmierung" */ = {
			isa = XCConfigurationList;
			buildConfigurations = (
				1967077D2AC5A26D00BC5D54 /* Debug */,
				1967077E2AC5A26D00BC5D54 /* Release */,
			);
			defaultConfigurationIsVisible = 0;
			defaultConfigurationName = Release;
		};
		1967077F2AC5A26D00BC5D54 /* Build configuration list for PBXNativeTarget "iOS-Programmierung" */ = {
			isa = XCConfigurationList;
			buildConfigurations = (
				196707802AC5A26D00BC5D54 /* Debug */,
				196707812AC5A26D00BC5D54 /* Release */,
			);
			defaultConfigurationIsVisible = 0;
			defaultConfigurationName = Release;
		};
		196707822AC5A26D00BC5D54 /* Build configuration list for PBXNativeTarget "iOS-ProgrammierungTests" */ = {
			isa = XCConfigurationList;
			buildConfigurations = (
				196707832AC5A26D00BC5D54 /* Debug */,
				196707842AC5A26D00BC5D54 /* Release */,
			);
			defaultConfigurationIsVisible = 0;
			defaultConfigurationName = Release;
		};
		196707852AC5A26D00BC5D54 /* Build configuration list for PBXNativeTarget "iOS-ProgrammierungUITests" */ = {
			isa = XCConfigurationList;
			buildConfigurations = (
				196707862AC5A26D00BC5D54 /* Debug */,
				196707872AC5A26D00BC5D54 /* Release */,
			);
			defaultConfigurationIsVisible = 0;
			defaultConfigurationName = Release;
		};
/* End XCConfigurationList section */
	};
	rootObject = 196707532AC5A26C00BC5D54 /* Project object */;
}
