// !$*UTF8*$!
{
	archiveVersion = 1;
	classes = {
	};
	objectVersion = 56;
	objects = {

/* Begin PBXBuildFile section */
		195290DB2ABC6D0B00CB14F1 /* Peter2App.swift in Sources */ = {isa = PBXBuildFile; fileRef = 195290DA2ABC6D0B00CB14F1 /* Peter2App.swift */; };
		195290DD2ABC6D0B00CB14F1 /* ContentView.swift in Sources */ = {isa = PBXBuildFile; fileRef = 195290DC2ABC6D0B00CB14F1 /* ContentView.swift */; };
		195290DF2ABC6D0C00CB14F1 /* Assets.xcassets in Resources */ = {isa = PBXBuildFile; fileRef = 195290DE2ABC6D0C00CB14F1 /* Assets.xcassets */; };
		195290E22ABC6D0C00CB14F1 /* Preview Assets.xcassets in Resources */ = {isa = PBXBuildFile; fileRef = 195290E12ABC6D0C00CB14F1 /* Preview Assets.xcassets */; };
		195290EC2ABC6D0C00CB14F1 /* Peter2Tests.swift in Sources */ = {isa = PBXBuildFile; fileRef = 195290EB2ABC6D0C00CB14F1 /* Peter2Tests.swift */; };
		195290F62ABC6D0C00CB14F1 /* Peter2UITests.swift in Sources */ = {isa = PBXBuildFile; fileRef = 195290F52ABC6D0C00CB14F1 /* Peter2UITests.swift */; };
		195290F82ABC6D0C00CB14F1 /* Peter2UITestsLaunchTests.swift in Sources */ = {isa = PBXBuildFile; fileRef = 195290F72ABC6D0C00CB14F1 /* Peter2UITestsLaunchTests.swift */; };
/* End PBXBuildFile section */

/* Begin PBXContainerItemProxy section */
		195290E82ABC6D0C00CB14F1 /* PBXContainerItemProxy */ = {
			isa = PBXContainerItemProxy;
			containerPortal = 195290CF2ABC6D0B00CB14F1 /* Project object */;
			proxyType = 1;
			remoteGlobalIDString = 195290D62ABC6D0B00CB14F1;
			remoteInfo = Peter2;
		};
		195290F22ABC6D0C00CB14F1 /* PBXContainerItemProxy */ = {
			isa = PBXContainerItemProxy;
			containerPortal = 195290CF2ABC6D0B00CB14F1 /* Project object */;
			proxyType = 1;
			remoteGlobalIDString = 195290D62ABC6D0B00CB14F1;
			remoteInfo = Peter2;
		};
/* End PBXContainerItemProxy section */

/* Begin PBXFileReference section */
		195290D72ABC6D0B00CB14F1 /* Peter2.app */ = {isa = PBXFileReference; explicitFileType = wrapper.application; includeInIndex = 0; path = Peter2.app; sourceTree = BUILT_PRODUCTS_DIR; };
		195290DA2ABC6D0B00CB14F1 /* Peter2App.swift */ = {isa = PBXFileReference; lastKnownFileType = sourcecode.swift; path = Peter2App.swift; sourceTree = "<group>"; };
		195290DC2ABC6D0B00CB14F1 /* ContentView.swift */ = {isa = PBXFileReference; lastKnownFileType = sourcecode.swift; path = ContentView.swift; sourceTree = "<group>"; };
		195290DE2ABC6D0C00CB14F1 /* Assets.xcassets */ = {isa = PBXFileReference; lastKnownFileType = folder.assetcatalog; path = Assets.xcassets; sourceTree = "<group>"; };
		195290E12ABC6D0C00CB14F1 /* Preview Assets.xcassets */ = {isa = PBXFileReference; lastKnownFileType = folder.assetcatalog; path = "Preview Assets.xcassets"; sourceTree = "<group>"; };
		195290E72ABC6D0C00CB14F1 /* Peter2Tests.xctest */ = {isa = PBXFileReference; explicitFileType = wrapper.cfbundle; includeInIndex = 0; path = Peter2Tests.xctest; sourceTree = BUILT_PRODUCTS_DIR; };
		195290EB2ABC6D0C00CB14F1 /* Peter2Tests.swift */ = {isa = PBXFileReference; lastKnownFileType = sourcecode.swift; path = Peter2Tests.swift; sourceTree = "<group>"; };
		195290F12ABC6D0C00CB14F1 /* Peter2UITests.xctest */ = {isa = PBXFileReference; explicitFileType = wrapper.cfbundle; includeInIndex = 0; path = Peter2UITests.xctest; sourceTree = BUILT_PRODUCTS_DIR; };
		195290F52ABC6D0C00CB14F1 /* Peter2UITests.swift */ = {isa = PBXFileReference; lastKnownFileType = sourcecode.swift; path = Peter2UITests.swift; sourceTree = "<group>"; };
		195290F72ABC6D0C00CB14F1 /* Peter2UITestsLaunchTests.swift */ = {isa = PBXFileReference; lastKnownFileType = sourcecode.swift; path = Peter2UITestsLaunchTests.swift; sourceTree = "<group>"; };
/* End PBXFileReference section */

/* Begin PBXFrameworksBuildPhase section */
		195290D42ABC6D0B00CB14F1 /* Frameworks */ = {
			isa = PBXFrameworksBuildPhase;
			buildActionMask = 2147483647;
			files = (
			);
			runOnlyForDeploymentPostprocessing = 0;
		};
		195290E42ABC6D0C00CB14F1 /* Frameworks */ = {
			isa = PBXFrameworksBuildPhase;
			buildActionMask = 2147483647;
			files = (
			);
			runOnlyForDeploymentPostprocessing = 0;
		};
		195290EE2ABC6D0C00CB14F1 /* Frameworks */ = {
			isa = PBXFrameworksBuildPhase;
			buildActionMask = 2147483647;
			files = (
			);
			runOnlyForDeploymentPostprocessing = 0;
		};
/* End PBXFrameworksBuildPhase section */

/* Begin PBXGroup section */
		195290CE2ABC6D0B00CB14F1 = {
			isa = PBXGroup;
			children = (
				195290D92ABC6D0B00CB14F1 /* Peter2 */,
				195290EA2ABC6D0C00CB14F1 /* Peter2Tests */,
				195290F42ABC6D0C00CB14F1 /* Peter2UITests */,
				195290D82ABC6D0B00CB14F1 /* Products */,
			);
			sourceTree = "<group>";
		};
		195290D82ABC6D0B00CB14F1 /* Products */ = {
			isa = PBXGroup;
			children = (
				195290D72ABC6D0B00CB14F1 /* Peter2.app */,
				195290E72ABC6D0C00CB14F1 /* Peter2Tests.xctest */,
				195290F12ABC6D0C00CB14F1 /* Peter2UITests.xctest */,
			);
			name = Products;
			sourceTree = "<group>";
		};
		195290D92ABC6D0B00CB14F1 /* Peter2 */ = {
			isa = PBXGroup;
			children = (
				195290DA2ABC6D0B00CB14F1 /* Peter2App.swift */,
				195290DC2ABC6D0B00CB14F1 /* ContentView.swift */,
				195290DE2ABC6D0C00CB14F1 /* Assets.xcassets */,
				195290E02ABC6D0C00CB14F1 /* Preview Content */,
			);
			path = Peter2;
			sourceTree = "<group>";
		};
		195290E02ABC6D0C00CB14F1 /* Preview Content */ = {
			isa = PBXGroup;
			children = (
				195290E12ABC6D0C00CB14F1 /* Preview Assets.xcassets */,
			);
			path = "Preview Content";
			sourceTree = "<group>";
		};
		195290EA2ABC6D0C00CB14F1 /* Peter2Tests */ = {
			isa = PBXGroup;
			children = (
				195290EB2ABC6D0C00CB14F1 /* Peter2Tests.swift */,
			);
			path = Peter2Tests;
			sourceTree = "<group>";
		};
		195290F42ABC6D0C00CB14F1 /* Peter2UITests */ = {
			isa = PBXGroup;
			children = (
				195290F52ABC6D0C00CB14F1 /* Peter2UITests.swift */,
				195290F72ABC6D0C00CB14F1 /* Peter2UITestsLaunchTests.swift */,
			);
			path = Peter2UITests;
			sourceTree = "<group>";
		};
/* End PBXGroup section */

/* Begin PBXNativeTarget section */
		195290D62ABC6D0B00CB14F1 /* Peter2 */ = {
			isa = PBXNativeTarget;
			buildConfigurationList = 195290FB2ABC6D0C00CB14F1 /* Build configuration list for PBXNativeTarget "Peter2" */;
			buildPhases = (
				195290D32ABC6D0B00CB14F1 /* Sources */,
				195290D42ABC6D0B00CB14F1 /* Frameworks */,
				195290D52ABC6D0B00CB14F1 /* Resources */,
			);
			buildRules = (
			);
			dependencies = (
			);
			name = Peter2;
			productName = Peter2;
			productReference = 195290D72ABC6D0B00CB14F1 /* Peter2.app */;
			productType = "com.apple.product-type.application";
		};
		195290E62ABC6D0C00CB14F1 /* Peter2Tests */ = {
			isa = PBXNativeTarget;
			buildConfigurationList = 195290FE2ABC6D0C00CB14F1 /* Build configuration list for PBXNativeTarget "Peter2Tests" */;
			buildPhases = (
				195290E32ABC6D0C00CB14F1 /* Sources */,
				195290E42ABC6D0C00CB14F1 /* Frameworks */,
				195290E52ABC6D0C00CB14F1 /* Resources */,
			);
			buildRules = (
			);
			dependencies = (
				195290E92ABC6D0C00CB14F1 /* PBXTargetDependency */,
			);
			name = Peter2Tests;
			productName = Peter2Tests;
			productReference = 195290E72ABC6D0C00CB14F1 /* Peter2Tests.xctest */;
			productType = "com.apple.product-type.bundle.unit-test";
		};
		195290F02ABC6D0C00CB14F1 /* Peter2UITests */ = {
			isa = PBXNativeTarget;
			buildConfigurationList = 195291012ABC6D0C00CB14F1 /* Build configuration list for PBXNativeTarget "Peter2UITests" */;
			buildPhases = (
				195290ED2ABC6D0C00CB14F1 /* Sources */,
				195290EE2ABC6D0C00CB14F1 /* Frameworks */,
				195290EF2ABC6D0C00CB14F1 /* Resources */,
			);
			buildRules = (
			);
			dependencies = (
				195290F32ABC6D0C00CB14F1 /* PBXTargetDependency */,
			);
			name = Peter2UITests;
			productName = Peter2UITests;
			productReference = 195290F12ABC6D0C00CB14F1 /* Peter2UITests.xctest */;
			productType = "com.apple.product-type.bundle.ui-testing";
		};
/* End PBXNativeTarget section */

/* Begin PBXProject section */
		195290CF2ABC6D0B00CB14F1 /* Project object */ = {
			isa = PBXProject;
			attributes = {
				BuildIndependentTargetsInParallel = 1;
				LastSwiftUpdateCheck = 1430;
				LastUpgradeCheck = 1430;
				TargetAttributes = {
					195290D62ABC6D0B00CB14F1 = {
						CreatedOnToolsVersion = 14.3.1;
					};
					195290E62ABC6D0C00CB14F1 = {
						CreatedOnToolsVersion = 14.3.1;
						TestTargetID = 195290D62ABC6D0B00CB14F1;
					};
					195290F02ABC6D0C00CB14F1 = {
						CreatedOnToolsVersion = 14.3.1;
						TestTargetID = 195290D62ABC6D0B00CB14F1;
					};
				};
			};
			buildConfigurationList = 195290D22ABC6D0B00CB14F1 /* Build configuration list for PBXProject "Peter2" */;
			compatibilityVersion = "Xcode 14.0";
			developmentRegion = en;
			hasScannedForEncodings = 0;
			knownRegions = (
				en,
				Base,
			);
			mainGroup = 195290CE2ABC6D0B00CB14F1;
			productRefGroup = 195290D82ABC6D0B00CB14F1 /* Products */;
			projectDirPath = "";
			projectRoot = "";
			targets = (
				195290D62ABC6D0B00CB14F1 /* Peter2 */,
				195290E62ABC6D0C00CB14F1 /* Peter2Tests */,
				195290F02ABC6D0C00CB14F1 /* Peter2UITests */,
			);
		};
/* End PBXProject section */

/* Begin PBXResourcesBuildPhase section */
		195290D52ABC6D0B00CB14F1 /* Resources */ = {
			isa = PBXResourcesBuildPhase;
			buildActionMask = 2147483647;
			files = (
				195290E22ABC6D0C00CB14F1 /* Preview Assets.xcassets in Resources */,
				195290DF2ABC6D0C00CB14F1 /* Assets.xcassets in Resources */,
			);
			runOnlyForDeploymentPostprocessing = 0;
		};
		195290E52ABC6D0C00CB14F1 /* Resources */ = {
			isa = PBXResourcesBuildPhase;
			buildActionMask = 2147483647;
			files = (
			);
			runOnlyForDeploymentPostprocessing = 0;
		};
		195290EF2ABC6D0C00CB14F1 /* Resources */ = {
			isa = PBXResourcesBuildPhase;
			buildActionMask = 2147483647;
			files = (
			);
			runOnlyForDeploymentPostprocessing = 0;
		};
/* End PBXResourcesBuildPhase section */

/* Begin PBXSourcesBuildPhase section */
		195290D32ABC6D0B00CB14F1 /* Sources */ = {
			isa = PBXSourcesBuildPhase;
			buildActionMask = 2147483647;
			files = (
				195290DD2ABC6D0B00CB14F1 /* ContentView.swift in Sources */,
				195290DB2ABC6D0B00CB14F1 /* Peter2App.swift in Sources */,
			);
			runOnlyForDeploymentPostprocessing = 0;
		};
		195290E32ABC6D0C00CB14F1 /* Sources */ = {
			isa = PBXSourcesBuildPhase;
			buildActionMask = 2147483647;
			files = (
				195290EC2ABC6D0C00CB14F1 /* Peter2Tests.swift in Sources */,
			);
			runOnlyForDeploymentPostprocessing = 0;
		};
		195290ED2ABC6D0C00CB14F1 /* Sources */ = {
			isa = PBXSourcesBuildPhase;
			buildActionMask = 2147483647;
			files = (
				195290F82ABC6D0C00CB14F1 /* Peter2UITestsLaunchTests.swift in Sources */,
				195290F62ABC6D0C00CB14F1 /* Peter2UITests.swift in Sources */,
			);
			runOnlyForDeploymentPostprocessing = 0;
		};
/* End PBXSourcesBuildPhase section */

/* Begin PBXTargetDependency section */
		195290E92ABC6D0C00CB14F1 /* PBXTargetDependency */ = {
			isa = PBXTargetDependency;
			target = 195290D62ABC6D0B00CB14F1 /* Peter2 */;
			targetProxy = 195290E82ABC6D0C00CB14F1 /* PBXContainerItemProxy */;
		};
		195290F32ABC6D0C00CB14F1 /* PBXTargetDependency */ = {
			isa = PBXTargetDependency;
			target = 195290D62ABC6D0B00CB14F1 /* Peter2 */;
			targetProxy = 195290F22ABC6D0C00CB14F1 /* PBXContainerItemProxy */;
		};
/* End PBXTargetDependency section */

/* Begin XCBuildConfiguration section */
		195290F92ABC6D0C00CB14F1 /* Debug */ = {
			isa = XCBuildConfiguration;
			buildSettings = {
				ALWAYS_SEARCH_USER_PATHS = NO;
				CLANG_ANALYZER_NONNULL = YES;
				CLANG_ANALYZER_NUMBER_OBJECT_CONVERSION = YES_AGGRESSIVE;
				CLANG_CXX_LANGUAGE_STANDARD = "gnu++20";
				CLANG_ENABLE_MODULES = YES;
				CLANG_ENABLE_OBJC_ARC = YES;
				CLANG_ENABLE_OBJC_WEAK = YES;
				CLANG_WARN_BLOCK_CAPTURE_AUTORELEASING = YES;
				CLANG_WARN_BOOL_CONVERSION = YES;
				CLANG_WARN_COMMA = YES;
				CLANG_WARN_CONSTANT_CONVERSION = YES;
				CLANG_WARN_DEPRECATED_OBJC_IMPLEMENTATIONS = YES;
				CLANG_WARN_DIRECT_OBJC_ISA_USAGE = YES_ERROR;
				CLANG_WARN_DOCUMENTATION_COMMENTS = YES;
				CLANG_WARN_EMPTY_BODY = YES;
				CLANG_WARN_ENUM_CONVERSION = YES;
				CLANG_WARN_INFINITE_RECURSION = YES;
				CLANG_WARN_INT_CONVERSION = YES;
				CLANG_WARN_NON_LITERAL_NULL_CONVERSION = YES;
				CLANG_WARN_OBJC_IMPLICIT_RETAIN_SELF = YES;
				CLANG_WARN_OBJC_LITERAL_CONVERSION = YES;
				CLANG_WARN_OBJC_ROOT_CLASS = YES_ERROR;
				CLANG_WARN_QUOTED_INCLUDE_IN_FRAMEWORK_HEADER = YES;
				CLANG_WARN_RANGE_LOOP_ANALYSIS = YES;
				CLANG_WARN_STRICT_PROTOTYPES = YES;
				CLANG_WARN_SUSPICIOUS_MOVE = YES;
				CLANG_WARN_UNGUARDED_AVAILABILITY = YES_AGGRESSIVE;
				CLANG_WARN_UNREACHABLE_CODE = YES;
				CLANG_WARN__DUPLICATE_METHOD_MATCH = YES;
				COPY_PHASE_STRIP = NO;
				DEBUG_INFORMATION_FORMAT = dwarf;
				ENABLE_STRICT_OBJC_MSGSEND = YES;
				ENABLE_TESTABILITY = YES;
				GCC_C_LANGUAGE_STANDARD = gnu11;
				GCC_DYNAMIC_NO_PIC = NO;
				GCC_NO_COMMON_BLOCKS = YES;
				GCC_OPTIMIZATION_LEVEL = 0;
				GCC_PREPROCESSOR_DEFINITIONS = (
					"DEBUG=1",
					"$(inherited)",
				);
				GCC_WARN_64_TO_32_BIT_CONVERSION = YES;
				GCC_WARN_ABOUT_RETURN_TYPE = YES_ERROR;
				GCC_WARN_UNDECLARED_SELECTOR = YES;
				GCC_WARN_UNINITIALIZED_AUTOS = YES_AGGRESSIVE;
				GCC_WARN_UNUSED_FUNCTION = YES;
				GCC_WARN_UNUSED_VARIABLE = YES;
				IPHONEOS_DEPLOYMENT_TARGET = 16.4;
				MTL_ENABLE_DEBUG_INFO = INCLUDE_SOURCE;
				MTL_FAST_MATH = YES;
				ONLY_ACTIVE_ARCH = YES;
				SDKROOT = iphoneos;
				SWIFT_ACTIVE_COMPILATION_CONDITIONS = DEBUG;
				SWIFT_OPTIMIZATION_LEVEL = "-Onone";
			};
			name = Debug;
		};
		195290FA2ABC6D0C00CB14F1 /* Release */ = {
			isa = XCBuildConfiguration;
			buildSettings = {
				ALWAYS_SEARCH_USER_PATHS = NO;
				CLANG_ANALYZER_NONNULL = YES;
				CLANG_ANALYZER_NUMBER_OBJECT_CONVERSION = YES_AGGRESSIVE;
				CLANG_CXX_LANGUAGE_STANDARD = "gnu++20";
				CLANG_ENABLE_MODULES = YES;
				CLANG_ENABLE_OBJC_ARC = YES;
				CLANG_ENABLE_OBJC_WEAK = YES;
				CLANG_WARN_BLOCK_CAPTURE_AUTORELEASING = YES;
				CLANG_WARN_BOOL_CONVERSION = YES;
				CLANG_WARN_COMMA = YES;
				CLANG_WARN_CONSTANT_CONVERSION = YES;
				CLANG_WARN_DEPRECATED_OBJC_IMPLEMENTATIONS = YES;
				CLANG_WARN_DIRECT_OBJC_ISA_USAGE = YES_ERROR;
				CLANG_WARN_DOCUMENTATION_COMMENTS = YES;
				CLANG_WARN_EMPTY_BODY = YES;
				CLANG_WARN_ENUM_CONVERSION = YES;
				CLANG_WARN_INFINITE_RECURSION = YES;
				CLANG_WARN_INT_CONVERSION = YES;
				CLANG_WARN_NON_LITERAL_NULL_CONVERSION = YES;
				CLANG_WARN_OBJC_IMPLICIT_RETAIN_SELF = YES;
				CLANG_WARN_OBJC_LITERAL_CONVERSION = YES;
				CLANG_WARN_OBJC_ROOT_CLASS = YES_ERROR;
				CLANG_WARN_QUOTED_INCLUDE_IN_FRAMEWORK_HEADER = YES;
				CLANG_WARN_RANGE_LOOP_ANALYSIS = YES;
				CLANG_WARN_STRICT_PROTOTYPES = YES;
				CLANG_WARN_SUSPICIOUS_MOVE = YES;
				CLANG_WARN_UNGUARDED_AVAILABILITY = YES_AGGRESSIVE;
				CLANG_WARN_UNREACHABLE_CODE = YES;
				CLANG_WARN__DUPLICATE_METHOD_MATCH = YES;
				COPY_PHASE_STRIP = NO;
				DEBUG_INFORMATION_FORMAT = "dwarf-with-dsym";
				ENABLE_NS_ASSERTIONS = NO;
				ENABLE_STRICT_OBJC_MSGSEND = YES;
				GCC_C_LANGUAGE_STANDARD = gnu11;
				GCC_NO_COMMON_BLOCKS = YES;
				GCC_WARN_64_TO_32_BIT_CONVERSION = YES;
				GCC_WARN_ABOUT_RETURN_TYPE = YES_ERROR;
				GCC_WARN_UNDECLARED_SELECTOR = YES;
				GCC_WARN_UNINITIALIZED_AUTOS = YES_AGGRESSIVE;
				GCC_WARN_UNUSED_FUNCTION = YES;
				GCC_WARN_UNUSED_VARIABLE = YES;
				IPHONEOS_DEPLOYMENT_TARGET = 16.4;
				MTL_ENABLE_DEBUG_INFO = NO;
				MTL_FAST_MATH = YES;
				SDKROOT = iphoneos;
				SWIFT_COMPILATION_MODE = wholemodule;
				SWIFT_OPTIMIZATION_LEVEL = "-O";
				VALIDATE_PRODUCT = YES;
			};
			name = Release;
		};
		195290FC2ABC6D0C00CB14F1 /* Debug */ = {
			isa = XCBuildConfiguration;
			buildSettings = {
				ASSETCATALOG_COMPILER_APPICON_NAME = AppIcon;
				ASSETCATALOG_COMPILER_GLOBAL_ACCENT_COLOR_NAME = AccentColor;
				CODE_SIGN_STYLE = Automatic;
				CURRENT_PROJECT_VERSION = 1;
				DEVELOPMENT_ASSET_PATHS = "\"Peter2/Preview Content\"";
				ENABLE_PREVIEWS = YES;
				GENERATE_INFOPLIST_FILE = YES;
				INFOPLIST_KEY_UIApplicationSceneManifest_Generation = YES;
				INFOPLIST_KEY_UIApplicationSupportsIndirectInputEvents = YES;
				INFOPLIST_KEY_UILaunchScreen_Generation = YES;
				INFOPLIST_KEY_UISupportedInterfaceOrientations_iPad = "UIInterfaceOrientationPortrait UIInterfaceOrientationPortraitUpsideDown UIInterfaceOrientationLandscapeLeft UIInterfaceOrientationLandscapeRight";
				INFOPLIST_KEY_UISupportedInterfaceOrientations_iPhone = "UIInterfaceOrientationPortrait UIInterfaceOrientationLandscapeLeft UIInterfaceOrientationLandscapeRight";
				LD_RUNPATH_SEARCH_PATHS = (
					"$(inherited)",
					"@executable_path/Frameworks",
				);
				MARKETING_VERSION = 1.0;
				PRODUCT_BUNDLE_IDENTIFIER = Peter.Peter2;
				PRODUCT_NAME = "$(TARGET_NAME)";
				SWIFT_EMIT_LOC_STRINGS = YES;
				SWIFT_VERSION = 5.0;
				TARGETED_DEVICE_FAMILY = "1,2";
			};
			name = Debug;
		};
		195290FD2ABC6D0C00CB14F1 /* Release */ = {
			isa = XCBuildConfiguration;
			buildSettings = {
				ASSETCATALOG_COMPILER_APPICON_NAME = AppIcon;
				ASSETCATALOG_COMPILER_GLOBAL_ACCENT_COLOR_NAME = AccentColor;
				CODE_SIGN_STYLE = Automatic;
				CURRENT_PROJECT_VERSION = 1;
				DEVELOPMENT_ASSET_PATHS = "\"Peter2/Preview Content\"";
				ENABLE_PREVIEWS = YES;
				GENERATE_INFOPLIST_FILE = YES;
				INFOPLIST_KEY_UIApplicationSceneManifest_Generation = YES;
				INFOPLIST_KEY_UIApplicationSupportsIndirectInputEvents = YES;
				INFOPLIST_KEY_UILaunchScreen_Generation = YES;
				INFOPLIST_KEY_UISupportedInterfaceOrientations_iPad = "UIInterfaceOrientationPortrait UIInterfaceOrientationPortraitUpsideDown UIInterfaceOrientationLandscapeLeft UIInterfaceOrientationLandscapeRight";
				INFOPLIST_KEY_UISupportedInterfaceOrientations_iPhone = "UIInterfaceOrientationPortrait UIInterfaceOrientationLandscapeLeft UIInterfaceOrientationLandscapeRight";
				LD_RUNPATH_SEARCH_PATHS = (
					"$(inherited)",
					"@executable_path/Frameworks",
				);
				MARKETING_VERSION = 1.0;
				PRODUCT_BUNDLE_IDENTIFIER = Peter.Peter2;
				PRODUCT_NAME = "$(TARGET_NAME)";
				SWIFT_EMIT_LOC_STRINGS = YES;
				SWIFT_VERSION = 5.0;
				TARGETED_DEVICE_FAMILY = "1,2";
			};
			name = Release;
		};
		195290FF2ABC6D0C00CB14F1 /* Debug */ = {
			isa = XCBuildConfiguration;
			buildSettings = {
				ALWAYS_EMBED_SWIFT_STANDARD_LIBRARIES = YES;
				BUNDLE_LOADER = "$(TEST_HOST)";
				CODE_SIGN_STYLE = Automatic;
				CURRENT_PROJECT_VERSION = 1;
				GENERATE_INFOPLIST_FILE = YES;
				IPHONEOS_DEPLOYMENT_TARGET = 16.4;
				MARKETING_VERSION = 1.0;
				PRODUCT_BUNDLE_IDENTIFIER = Peter.Peter2Tests;
				PRODUCT_NAME = "$(TARGET_NAME)";
				SWIFT_EMIT_LOC_STRINGS = NO;
				SWIFT_VERSION = 5.0;
				TARGETED_DEVICE_FAMILY = "1,2";
				TEST_HOST = "$(BUILT_PRODUCTS_DIR)/Peter2.app/$(BUNDLE_EXECUTABLE_FOLDER_PATH)/Peter2";
			};
			name = Debug;
		};
		195291002ABC6D0C00CB14F1 /* Release */ = {
			isa = XCBuildConfiguration;
			buildSettings = {
				ALWAYS_EMBED_SWIFT_STANDARD_LIBRARIES = YES;
				BUNDLE_LOADER = "$(TEST_HOST)";
				CODE_SIGN_STYLE = Automatic;
				CURRENT_PROJECT_VERSION = 1;
				GENERATE_INFOPLIST_FILE = YES;
				IPHONEOS_DEPLOYMENT_TARGET = 16.4;
				MARKETING_VERSION = 1.0;
				PRODUCT_BUNDLE_IDENTIFIER = Peter.Peter2Tests;
				PRODUCT_NAME = "$(TARGET_NAME)";
				SWIFT_EMIT_LOC_STRINGS = NO;
				SWIFT_VERSION = 5.0;
				TARGETED_DEVICE_FAMILY = "1,2";
				TEST_HOST = "$(BUILT_PRODUCTS_DIR)/Peter2.app/$(BUNDLE_EXECUTABLE_FOLDER_PATH)/Peter2";
			};
			name = Release;
		};
		195291022ABC6D0C00CB14F1 /* Debug */ = {
			isa = XCBuildConfiguration;
			buildSettings = {
				ALWAYS_EMBED_SWIFT_STANDARD_LIBRARIES = YES;
				CODE_SIGN_STYLE = Automatic;
				CURRENT_PROJECT_VERSION = 1;
				GENERATE_INFOPLIST_FILE = YES;
				MARKETING_VERSION = 1.0;
				PRODUCT_BUNDLE_IDENTIFIER = Peter.Peter2UITests;
				PRODUCT_NAME = "$(TARGET_NAME)";
				SWIFT_EMIT_LOC_STRINGS = NO;
				SWIFT_VERSION = 5.0;
				TARGETED_DEVICE_FAMILY = "1,2";
				TEST_TARGET_NAME = Peter2;
			};
			name = Debug;
		};
		195291032ABC6D0C00CB14F1 /* Release */ = {
			isa = XCBuildConfiguration;
			buildSettings = {
				ALWAYS_EMBED_SWIFT_STANDARD_LIBRARIES = YES;
				CODE_SIGN_STYLE = Automatic;
				CURRENT_PROJECT_VERSION = 1;
				GENERATE_INFOPLIST_FILE = YES;
				MARKETING_VERSION = 1.0;
				PRODUCT_BUNDLE_IDENTIFIER = Peter.Peter2UITests;
				PRODUCT_NAME = "$(TARGET_NAME)";
				SWIFT_EMIT_LOC_STRINGS = NO;
				SWIFT_VERSION = 5.0;
				TARGETED_DEVICE_FAMILY = "1,2";
				TEST_TARGET_NAME = Peter2;
			};
			name = Release;
		};
/* End XCBuildConfiguration section */

/* Begin XCConfigurationList section */
		195290D22ABC6D0B00CB14F1 /* Build configuration list for PBXProject "Peter2" */ = {
			isa = XCConfigurationList;
			buildConfigurations = (
				195290F92ABC6D0C00CB14F1 /* Debug */,
				195290FA2ABC6D0C00CB14F1 /* Release */,
			);
			defaultConfigurationIsVisible = 0;
			defaultConfigurationName = Release;
		};
		195290FB2ABC6D0C00CB14F1 /* Build configuration list for PBXNativeTarget "Peter2" */ = {
			isa = XCConfigurationList;
			buildConfigurations = (
				195290FC2ABC6D0C00CB14F1 /* Debug */,
				195290FD2ABC6D0C00CB14F1 /* Release */,
			);
			defaultConfigurationIsVisible = 0;
			defaultConfigurationName = Release;
		};
		195290FE2ABC6D0C00CB14F1 /* Build configuration list for PBXNativeTarget "Peter2Tests" */ = {
			isa = XCConfigurationList;
			buildConfigurations = (
				195290FF2ABC6D0C00CB14F1 /* Debug */,
				195291002ABC6D0C00CB14F1 /* Release */,
			);
			defaultConfigurationIsVisible = 0;
			defaultConfigurationName = Release;
		};
		195291012ABC6D0C00CB14F1 /* Build configuration list for PBXNativeTarget "Peter2UITests" */ = {
			isa = XCConfigurationList;
			buildConfigurations = (
				195291022ABC6D0C00CB14F1 /* Debug */,
				195291032ABC6D0C00CB14F1 /* Release */,
			);
			defaultConfigurationIsVisible = 0;
			defaultConfigurationName = Release;
		};
/* End XCConfigurationList section */
	};
	rootObject = 195290CF2ABC6D0B00CB14F1 /* Project object */;
}
