// !$*UTF8*$!
{
	archiveVersion = 1;
	classes = {
	};
	objectVersion = 56;
	objects = {

/* Begin PBXBuildFile section */
		199420762AE5C39E0062EB8A /* Abgabe2App.swift in Sources */ = {isa = PBXBuildFile; fileRef = 199420752AE5C39E0062EB8A /* Abgabe2App.swift */; };
		199420782AE5C39E0062EB8A /* ContentView.swift in Sources */ = {isa = PBXBuildFile; fileRef = 199420772AE5C39E0062EB8A /* ContentView.swift */; };
		1994207A2AE5C39F0062EB8A /* Assets.xcassets in Resources */ = {isa = PBXBuildFile; fileRef = 199420792AE5C39F0062EB8A /* Assets.xcassets */; };
		1994207D2AE5C39F0062EB8A /* Preview Assets.xcassets in Resources */ = {isa = PBXBuildFile; fileRef = 1994207C2AE5C39F0062EB8A /* Preview Assets.xcassets */; };
		199420872AE5C39F0062EB8A /* Abgabe2Tests.swift in Sources */ = {isa = PBXBuildFile; fileRef = 199420862AE5C39F0062EB8A /* Abgabe2Tests.swift */; };
		199420912AE5C39F0062EB8A /* Abgabe2UITests.swift in Sources */ = {isa = PBXBuildFile; fileRef = 199420902AE5C39F0062EB8A /* Abgabe2UITests.swift */; };
		199420932AE5C39F0062EB8A /* Abgabe2UITestsLaunchTests.swift in Sources */ = {isa = PBXBuildFile; fileRef = 199420922AE5C39F0062EB8A /* Abgabe2UITestsLaunchTests.swift */; };
		199420A02AE5C3D20062EB8A /* Model.swift in Sources */ = {isa = PBXBuildFile; fileRef = 1994209F2AE5C3D20062EB8A /* Model.swift */; };
		199420A22AE5C3E40062EB8A /* ViewModel.swift in Sources */ = {isa = PBXBuildFile; fileRef = 199420A12AE5C3E40062EB8A /* ViewModel.swift */; };
		199420A42AE5C4A10062EB8A /* Themes.swift in Sources */ = {isa = PBXBuildFile; fileRef = 199420A32AE5C4A10062EB8A /* Themes.swift */; };
/* End PBXBuildFile section */

/* Begin PBXContainerItemProxy section */
		199420832AE5C39F0062EB8A /* PBXContainerItemProxy */ = {
			isa = PBXContainerItemProxy;
			containerPortal = 1994206A2AE5C39E0062EB8A /* Project object */;
			proxyType = 1;
			remoteGlobalIDString = 199420712AE5C39E0062EB8A;
			remoteInfo = Abgabe2;
		};
		1994208D2AE5C39F0062EB8A /* PBXContainerItemProxy */ = {
			isa = PBXContainerItemProxy;
			containerPortal = 1994206A2AE5C39E0062EB8A /* Project object */;
			proxyType = 1;
			remoteGlobalIDString = 199420712AE5C39E0062EB8A;
			remoteInfo = Abgabe2;
		};
/* End PBXContainerItemProxy section */

/* Begin PBXFileReference section */
		199420722AE5C39E0062EB8A /* Abgabe2.app */ = {isa = PBXFileReference; explicitFileType = wrapper.application; includeInIndex = 0; path = Abgabe2.app; sourceTree = BUILT_PRODUCTS_DIR; };
		199420752AE5C39E0062EB8A /* Abgabe2App.swift */ = {isa = PBXFileReference; lastKnownFileType = sourcecode.swift; path = Abgabe2App.swift; sourceTree = "<group>"; };
		199420772AE5C39E0062EB8A /* ContentView.swift */ = {isa = PBXFileReference; lastKnownFileType = sourcecode.swift; path = ContentView.swift; sourceTree = "<group>"; };
		199420792AE5C39F0062EB8A /* Assets.xcassets */ = {isa = PBXFileReference; lastKnownFileType = folder.assetcatalog; path = Assets.xcassets; sourceTree = "<group>"; };
		1994207C2AE5C39F0062EB8A /* Preview Assets.xcassets */ = {isa = PBXFileReference; lastKnownFileType = folder.assetcatalog; path = "Preview Assets.xcassets"; sourceTree = "<group>"; };
		199420822AE5C39F0062EB8A /* Abgabe2Tests.xctest */ = {isa = PBXFileReference; explicitFileType = wrapper.cfbundle; includeInIndex = 0; path = Abgabe2Tests.xctest; sourceTree = BUILT_PRODUCTS_DIR; };
		199420862AE5C39F0062EB8A /* Abgabe2Tests.swift */ = {isa = PBXFileReference; lastKnownFileType = sourcecode.swift; path = Abgabe2Tests.swift; sourceTree = "<group>"; };
		1994208C2AE5C39F0062EB8A /* Abgabe2UITests.xctest */ = {isa = PBXFileReference; explicitFileType = wrapper.cfbundle; includeInIndex = 0; path = Abgabe2UITests.xctest; sourceTree = BUILT_PRODUCTS_DIR; };
		199420902AE5C39F0062EB8A /* Abgabe2UITests.swift */ = {isa = PBXFileReference; lastKnownFileType = sourcecode.swift; path = Abgabe2UITests.swift; sourceTree = "<group>"; };
		199420922AE5C39F0062EB8A /* Abgabe2UITestsLaunchTests.swift */ = {isa = PBXFileReference; lastKnownFileType = sourcecode.swift; path = Abgabe2UITestsLaunchTests.swift; sourceTree = "<group>"; };
		1994209F2AE5C3D20062EB8A /* Model.swift */ = {isa = PBXFileReference; lastKnownFileType = sourcecode.swift; path = Model.swift; sourceTree = "<group>"; };
		199420A12AE5C3E40062EB8A /* ViewModel.swift */ = {isa = PBXFileReference; lastKnownFileType = sourcecode.swift; path = ViewModel.swift; sourceTree = "<group>"; };
		199420A32AE5C4A10062EB8A /* Themes.swift */ = {isa = PBXFileReference; lastKnownFileType = sourcecode.swift; path = Themes.swift; sourceTree = "<group>"; };
/* End PBXFileReference section */

/* Begin PBXFrameworksBuildPhase section */
		1994206F2AE5C39E0062EB8A /* Frameworks */ = {
			isa = PBXFrameworksBuildPhase;
			buildActionMask = 2147483647;
			files = (
			);
			runOnlyForDeploymentPostprocessing = 0;
		};
		1994207F2AE5C39F0062EB8A /* Frameworks */ = {
			isa = PBXFrameworksBuildPhase;
			buildActionMask = 2147483647;
			files = (
			);
			runOnlyForDeploymentPostprocessing = 0;
		};
		199420892AE5C39F0062EB8A /* Frameworks */ = {
			isa = PBXFrameworksBuildPhase;
			buildActionMask = 2147483647;
			files = (
			);
			runOnlyForDeploymentPostprocessing = 0;
		};
/* End PBXFrameworksBuildPhase section */

/* Begin PBXGroup section */
		199420692AE5C39E0062EB8A = {
			isa = PBXGroup;
			children = (
				199420742AE5C39E0062EB8A /* Abgabe2 */,
				199420852AE5C39F0062EB8A /* Abgabe2Tests */,
				1994208F2AE5C39F0062EB8A /* Abgabe2UITests */,
				199420732AE5C39E0062EB8A /* Products */,
			);
			sourceTree = "<group>";
		};
		199420732AE5C39E0062EB8A /* Products */ = {
			isa = PBXGroup;
			children = (
				199420722AE5C39E0062EB8A /* Abgabe2.app */,
				199420822AE5C39F0062EB8A /* Abgabe2Tests.xctest */,
				1994208C2AE5C39F0062EB8A /* Abgabe2UITests.xctest */,
			);
			name = Products;
			sourceTree = "<group>";
		};
		199420742AE5C39E0062EB8A /* Abgabe2 */ = {
			isa = PBXGroup;
			children = (
				199420752AE5C39E0062EB8A /* Abgabe2App.swift */,
				199420772AE5C39E0062EB8A /* ContentView.swift */,
				199420A32AE5C4A10062EB8A /* Themes.swift */,
				1994209F2AE5C3D20062EB8A /* Model.swift */,
				199420A12AE5C3E40062EB8A /* ViewModel.swift */,
				199420792AE5C39F0062EB8A /* Assets.xcassets */,
				1994207B2AE5C39F0062EB8A /* Preview Content */,
			);
			path = Abgabe2;
			sourceTree = "<group>";
		};
		1994207B2AE5C39F0062EB8A /* Preview Content */ = {
			isa = PBXGroup;
			children = (
				1994207C2AE5C39F0062EB8A /* Preview Assets.xcassets */,
			);
			path = "Preview Content";
			sourceTree = "<group>";
		};
		199420852AE5C39F0062EB8A /* Abgabe2Tests */ = {
			isa = PBXGroup;
			children = (
				199420862AE5C39F0062EB8A /* Abgabe2Tests.swift */,
			);
			path = Abgabe2Tests;
			sourceTree = "<group>";
		};
		1994208F2AE5C39F0062EB8A /* Abgabe2UITests */ = {
			isa = PBXGroup;
			children = (
				199420902AE5C39F0062EB8A /* Abgabe2UITests.swift */,
				199420922AE5C39F0062EB8A /* Abgabe2UITestsLaunchTests.swift */,
			);
			path = Abgabe2UITests;
			sourceTree = "<group>";
		};
/* End PBXGroup section */

/* Begin PBXNativeTarget section */
		199420712AE5C39E0062EB8A /* Abgabe2 */ = {
			isa = PBXNativeTarget;
			buildConfigurationList = 199420962AE5C39F0062EB8A /* Build configuration list for PBXNativeTarget "Abgabe2" */;
			buildPhases = (
				1994206E2AE5C39E0062EB8A /* Sources */,
				1994206F2AE5C39E0062EB8A /* Frameworks */,
				199420702AE5C39E0062EB8A /* Resources */,
			);
			buildRules = (
			);
			dependencies = (
			);
			name = Abgabe2;
			productName = Abgabe2;
			productReference = 199420722AE5C39E0062EB8A /* Abgabe2.app */;
			productType = "com.apple.product-type.application";
		};
		199420812AE5C39F0062EB8A /* Abgabe2Tests */ = {
			isa = PBXNativeTarget;
			buildConfigurationList = 199420992AE5C39F0062EB8A /* Build configuration list for PBXNativeTarget "Abgabe2Tests" */;
			buildPhases = (
				1994207E2AE5C39F0062EB8A /* Sources */,
				1994207F2AE5C39F0062EB8A /* Frameworks */,
				199420802AE5C39F0062EB8A /* Resources */,
			);
			buildRules = (
			);
			dependencies = (
				199420842AE5C39F0062EB8A /* PBXTargetDependency */,
			);
			name = Abgabe2Tests;
			productName = Abgabe2Tests;
			productReference = 199420822AE5C39F0062EB8A /* Abgabe2Tests.xctest */;
			productType = "com.apple.product-type.bundle.unit-test";
		};
		1994208B2AE5C39F0062EB8A /* Abgabe2UITests */ = {
			isa = PBXNativeTarget;
			buildConfigurationList = 1994209C2AE5C39F0062EB8A /* Build configuration list for PBXNativeTarget "Abgabe2UITests" */;
			buildPhases = (
				199420882AE5C39F0062EB8A /* Sources */,
				199420892AE5C39F0062EB8A /* Frameworks */,
				1994208A2AE5C39F0062EB8A /* Resources */,
			);
			buildRules = (
			);
			dependencies = (
				1994208E2AE5C39F0062EB8A /* PBXTargetDependency */,
			);
			name = Abgabe2UITests;
			productName = Abgabe2UITests;
			productReference = 1994208C2AE5C39F0062EB8A /* Abgabe2UITests.xctest */;
			productType = "com.apple.product-type.bundle.ui-testing";
		};
/* End PBXNativeTarget section */

/* Begin PBXProject section */
		1994206A2AE5C39E0062EB8A /* Project object */ = {
			isa = PBXProject;
			attributes = {
				BuildIndependentTargetsInParallel = 1;
				LastSwiftUpdateCheck = 1500;
				LastUpgradeCheck = 1500;
				TargetAttributes = {
					199420712AE5C39E0062EB8A = {
						CreatedOnToolsVersion = 15.0;
					};
					199420812AE5C39F0062EB8A = {
						CreatedOnToolsVersion = 15.0;
						TestTargetID = 199420712AE5C39E0062EB8A;
					};
					1994208B2AE5C39F0062EB8A = {
						CreatedOnToolsVersion = 15.0;
						TestTargetID = 199420712AE5C39E0062EB8A;
					};
				};
			};
			buildConfigurationList = 1994206D2AE5C39E0062EB8A /* Build configuration list for PBXProject "Abgabe2" */;
			compatibilityVersion = "Xcode 14.0";
			developmentRegion = en;
			hasScannedForEncodings = 0;
			knownRegions = (
				en,
				Base,
			);
			mainGroup = 199420692AE5C39E0062EB8A;
			productRefGroup = 199420732AE5C39E0062EB8A /* Products */;
			projectDirPath = "";
			projectRoot = "";
			targets = (
				199420712AE5C39E0062EB8A /* Abgabe2 */,
				199420812AE5C39F0062EB8A /* Abgabe2Tests */,
				1994208B2AE5C39F0062EB8A /* Abgabe2UITests */,
			);
		};
/* End PBXProject section */

/* Begin PBXResourcesBuildPhase section */
		199420702AE5C39E0062EB8A /* Resources */ = {
			isa = PBXResourcesBuildPhase;
			buildActionMask = 2147483647;
			files = (
				1994207D2AE5C39F0062EB8A /* Preview Assets.xcassets in Resources */,
				1994207A2AE5C39F0062EB8A /* Assets.xcassets in Resources */,
			);
			runOnlyForDeploymentPostprocessing = 0;
		};
		199420802AE5C39F0062EB8A /* Resources */ = {
			isa = PBXResourcesBuildPhase;
			buildActionMask = 2147483647;
			files = (
			);
			runOnlyForDeploymentPostprocessing = 0;
		};
		1994208A2AE5C39F0062EB8A /* Resources */ = {
			isa = PBXResourcesBuildPhase;
			buildActionMask = 2147483647;
			files = (
			);
			runOnlyForDeploymentPostprocessing = 0;
		};
/* End PBXResourcesBuildPhase section */

/* Begin PBXSourcesBuildPhase section */
		1994206E2AE5C39E0062EB8A /* Sources */ = {
			isa = PBXSourcesBuildPhase;
			buildActionMask = 2147483647;
			files = (
				199420A02AE5C3D20062EB8A /* Model.swift in Sources */,
				199420782AE5C39E0062EB8A /* ContentView.swift in Sources */,
				199420A22AE5C3E40062EB8A /* ViewModel.swift in Sources */,
				199420A42AE5C4A10062EB8A /* Themes.swift in Sources */,
				199420762AE5C39E0062EB8A /* Abgabe2App.swift in Sources */,
			);
			runOnlyForDeploymentPostprocessing = 0;
		};
		1994207E2AE5C39F0062EB8A /* Sources */ = {
			isa = PBXSourcesBuildPhase;
			buildActionMask = 2147483647;
			files = (
				199420872AE5C39F0062EB8A /* Abgabe2Tests.swift in Sources */,
			);
			runOnlyForDeploymentPostprocessing = 0;
		};
		199420882AE5C39F0062EB8A /* Sources */ = {
			isa = PBXSourcesBuildPhase;
			buildActionMask = 2147483647;
			files = (
				199420912AE5C39F0062EB8A /* Abgabe2UITests.swift in Sources */,
				199420932AE5C39F0062EB8A /* Abgabe2UITestsLaunchTests.swift in Sources */,
			);
			runOnlyForDeploymentPostprocessing = 0;
		};
/* End PBXSourcesBuildPhase section */

/* Begin PBXTargetDependency section */
		199420842AE5C39F0062EB8A /* PBXTargetDependency */ = {
			isa = PBXTargetDependency;
			target = 199420712AE5C39E0062EB8A /* Abgabe2 */;
			targetProxy = 199420832AE5C39F0062EB8A /* PBXContainerItemProxy */;
		};
		1994208E2AE5C39F0062EB8A /* PBXTargetDependency */ = {
			isa = PBXTargetDependency;
			target = 199420712AE5C39E0062EB8A /* Abgabe2 */;
			targetProxy = 1994208D2AE5C39F0062EB8A /* PBXContainerItemProxy */;
		};
/* End PBXTargetDependency section */

/* Begin XCBuildConfiguration section */
		199420942AE5C39F0062EB8A /* Debug */ = {
			isa = XCBuildConfiguration;
			buildSettings = {
				ALWAYS_SEARCH_USER_PATHS = NO;
				ASSETCATALOG_COMPILER_GENERATE_SWIFT_ASSET_SYMBOL_EXTENSIONS = YES;
				CLANG_ANALYZER_NONNULL = YES;
				CLANG_ANALYZER_NUMBER_OBJECT_CONVERSION = YES_AGGRESSIVE;
				CLANG_CXX_LANGUAGE_STANDARD = "gnu++20";
				CLANG_ENABLE_MODULES = YES;
				CLANG_ENABLE_OBJC_ARC = YES;
				CLANG_ENABLE_OBJC_WEAK = YES;
				CLANG_WARN_BLOCK_CAPTURE_AUTORELEASING = YES;
				CLANG_WARN_BOOL_CONVERSION = YES;
				CLANG_WARN_COMMA = YES;
				CLANG_WARN_CONSTANT_CONVERSION = YES;
				CLANG_WARN_DEPRECATED_OBJC_IMPLEMENTATIONS = YES;
				CLANG_WARN_DIRECT_OBJC_ISA_USAGE = YES_ERROR;
				CLANG_WARN_DOCUMENTATION_COMMENTS = YES;
				CLANG_WARN_EMPTY_BODY = YES;
				CLANG_WARN_ENUM_CONVERSION = YES;
				CLANG_WARN_INFINITE_RECURSION = YES;
				CLANG_WARN_INT_CONVERSION = YES;
				CLANG_WARN_NON_LITERAL_NULL_CONVERSION = YES;
				CLANG_WARN_OBJC_IMPLICIT_RETAIN_SELF = YES;
				CLANG_WARN_OBJC_LITERAL_CONVERSION = YES;
				CLANG_WARN_OBJC_ROOT_CLASS = YES_ERROR;
				CLANG_WARN_QUOTED_INCLUDE_IN_FRAMEWORK_HEADER = YES;
				CLANG_WARN_RANGE_LOOP_ANALYSIS = YES;
				CLANG_WARN_STRICT_PROTOTYPES = YES;
				CLANG_WARN_SUSPICIOUS_MOVE = YES;
				CLANG_WARN_UNGUARDED_AVAILABILITY = YES_AGGRESSIVE;
				CLANG_WARN_UNREACHABLE_CODE = YES;
				CLANG_WARN__DUPLICATE_METHOD_MATCH = YES;
				COPY_PHASE_STRIP = NO;
				DEBUG_INFORMATION_FORMAT = dwarf;
				ENABLE_STRICT_OBJC_MSGSEND = YES;
				ENABLE_TESTABILITY = YES;
				ENABLE_USER_SCRIPT_SANDBOXING = YES;
				GCC_C_LANGUAGE_STANDARD = gnu17;
				GCC_DYNAMIC_NO_PIC = NO;
				GCC_NO_COMMON_BLOCKS = YES;
				GCC_OPTIMIZATION_LEVEL = 0;
				GCC_PREPROCESSOR_DEFINITIONS = (
					"DEBUG=1",
					"$(inherited)",
				);
				GCC_WARN_64_TO_32_BIT_CONVERSION = YES;
				GCC_WARN_ABOUT_RETURN_TYPE = YES_ERROR;
				GCC_WARN_UNDECLARED_SELECTOR = YES;
				GCC_WARN_UNINITIALIZED_AUTOS = YES_AGGRESSIVE;
				GCC_WARN_UNUSED_FUNCTION = YES;
				GCC_WARN_UNUSED_VARIABLE = YES;
				IPHONEOS_DEPLOYMENT_TARGET = 17.0;
				LOCALIZATION_PREFERS_STRING_CATALOGS = YES;
				MTL_ENABLE_DEBUG_INFO = INCLUDE_SOURCE;
				MTL_FAST_MATH = YES;
				ONLY_ACTIVE_ARCH = YES;
				SDKROOT = iphoneos;
				SWIFT_ACTIVE_COMPILATION_CONDITIONS = "DEBUG $(inherited)";
				SWIFT_OPTIMIZATION_LEVEL = "-Onone";
			};
			name = Debug;
		};
		199420952AE5C39F0062EB8A /* Release */ = {
			isa = XCBuildConfiguration;
			buildSettings = {
				ALWAYS_SEARCH_USER_PATHS = NO;
				ASSETCATALOG_COMPILER_GENERATE_SWIFT_ASSET_SYMBOL_EXTENSIONS = YES;
				CLANG_ANALYZER_NONNULL = YES;
				CLANG_ANALYZER_NUMBER_OBJECT_CONVERSION = YES_AGGRESSIVE;
				CLANG_CXX_LANGUAGE_STANDARD = "gnu++20";
				CLANG_ENABLE_MODULES = YES;
				CLANG_ENABLE_OBJC_ARC = YES;
				CLANG_ENABLE_OBJC_WEAK = YES;
				CLANG_WARN_BLOCK_CAPTURE_AUTORELEASING = YES;
				CLANG_WARN_BOOL_CONVERSION = YES;
				CLANG_WARN_COMMA = YES;
				CLANG_WARN_CONSTANT_CONVERSION = YES;
				CLANG_WARN_DEPRECATED_OBJC_IMPLEMENTATIONS = YES;
				CLANG_WARN_DIRECT_OBJC_ISA_USAGE = YES_ERROR;
				CLANG_WARN_DOCUMENTATION_COMMENTS = YES;
				CLANG_WARN_EMPTY_BODY = YES;
				CLANG_WARN_ENUM_CONVERSION = YES;
				CLANG_WARN_INFINITE_RECURSION = YES;
				CLANG_WARN_INT_CONVERSION = YES;
				CLANG_WARN_NON_LITERAL_NULL_CONVERSION = YES;
				CLANG_WARN_OBJC_IMPLICIT_RETAIN_SELF = YES;
				CLANG_WARN_OBJC_LITERAL_CONVERSION = YES;
				CLANG_WARN_OBJC_ROOT_CLASS = YES_ERROR;
				CLANG_WARN_QUOTED_INCLUDE_IN_FRAMEWORK_HEADER = YES;
				CLANG_WARN_RANGE_LOOP_ANALYSIS = YES;
				CLANG_WARN_STRICT_PROTOTYPES = YES;
				CLANG_WARN_SUSPICIOUS_MOVE = YES;
				CLANG_WARN_UNGUARDED_AVAILABILITY = YES_AGGRESSIVE;
				CLANG_WARN_UNREACHABLE_CODE = YES;
				CLANG_WARN__DUPLICATE_METHOD_MATCH = YES;
				COPY_PHASE_STRIP = NO;
				DEBUG_INFORMATION_FORMAT = "dwarf-with-dsym";
				ENABLE_NS_ASSERTIONS = NO;
				ENABLE_STRICT_OBJC_MSGSEND = YES;
				ENABLE_USER_SCRIPT_SANDBOXING = YES;
				GCC_C_LANGUAGE_STANDARD = gnu17;
				GCC_NO_COMMON_BLOCKS = YES;
				GCC_WARN_64_TO_32_BIT_CONVERSION = YES;
				GCC_WARN_ABOUT_RETURN_TYPE = YES_ERROR;
				GCC_WARN_UNDECLARED_SELECTOR = YES;
				GCC_WARN_UNINITIALIZED_AUTOS = YES_AGGRESSIVE;
				GCC_WARN_UNUSED_FUNCTION = YES;
				GCC_WARN_UNUSED_VARIABLE = YES;
				IPHONEOS_DEPLOYMENT_TARGET = 17.0;
				LOCALIZATION_PREFERS_STRING_CATALOGS = YES;
				MTL_ENABLE_DEBUG_INFO = NO;
				MTL_FAST_MATH = YES;
				SDKROOT = iphoneos;
				SWIFT_COMPILATION_MODE = wholemodule;
				VALIDATE_PRODUCT = YES;
			};
			name = Release;
		};
		199420972AE5C39F0062EB8A /* Debug */ = {
			isa = XCBuildConfiguration;
			buildSettings = {
				ASSETCATALOG_COMPILER_APPICON_NAME = AppIcon;
				ASSETCATALOG_COMPILER_GLOBAL_ACCENT_COLOR_NAME = AccentColor;
				CODE_SIGN_STYLE = Automatic;
				CURRENT_PROJECT_VERSION = 1;
				DEVELOPMENT_ASSET_PATHS = "\"Abgabe2/Preview Content\"";
				ENABLE_PREVIEWS = YES;
				GENERATE_INFOPLIST_FILE = YES;
				INFOPLIST_KEY_UIApplicationSceneManifest_Generation = YES;
				INFOPLIST_KEY_UIApplicationSupportsIndirectInputEvents = YES;
				INFOPLIST_KEY_UILaunchScreen_Generation = YES;
				INFOPLIST_KEY_UISupportedInterfaceOrientations_iPad = "UIInterfaceOrientationPortrait UIInterfaceOrientationPortraitUpsideDown UIInterfaceOrientationLandscapeLeft UIInterfaceOrientationLandscapeRight";
				INFOPLIST_KEY_UISupportedInterfaceOrientations_iPhone = "UIInterfaceOrientationPortrait UIInterfaceOrientationLandscapeLeft UIInterfaceOrientationLandscapeRight";
				LD_RUNPATH_SEARCH_PATHS = (
					"$(inherited)",
					"@executable_path/Frameworks",
				);
				MARKETING_VERSION = 1.0;
				PRODUCT_BUNDLE_IDENTIFIER = "Leonhard-Tilly.Abgabe2";
				PRODUCT_NAME = "$(TARGET_NAME)";
				SWIFT_EMIT_LOC_STRINGS = YES;
				SWIFT_VERSION = 5.0;
				TARGETED_DEVICE_FAMILY = "1,2";
			};
			name = Debug;
		};
		199420982AE5C39F0062EB8A /* Release */ = {
			isa = XCBuildConfiguration;
			buildSettings = {
				ASSETCATALOG_COMPILER_APPICON_NAME = AppIcon;
				ASSETCATALOG_COMPILER_GLOBAL_ACCENT_COLOR_NAME = AccentColor;
				CODE_SIGN_STYLE = Automatic;
				CURRENT_PROJECT_VERSION = 1;
				DEVELOPMENT_ASSET_PATHS = "\"Abgabe2/Preview Content\"";
				ENABLE_PREVIEWS = YES;
				GENERATE_INFOPLIST_FILE = YES;
				INFOPLIST_KEY_UIApplicationSceneManifest_Generation = YES;
				INFOPLIST_KEY_UIApplicationSupportsIndirectInputEvents = YES;
				INFOPLIST_KEY_UILaunchScreen_Generation = YES;
				INFOPLIST_KEY_UISupportedInterfaceOrientations_iPad = "UIInterfaceOrientationPortrait UIInterfaceOrientationPortraitUpsideDown UIInterfaceOrientationLandscapeLeft UIInterfaceOrientationLandscapeRight";
				INFOPLIST_KEY_UISupportedInterfaceOrientations_iPhone = "UIInterfaceOrientationPortrait UIInterfaceOrientationLandscapeLeft UIInterfaceOrientationLandscapeRight";
				LD_RUNPATH_SEARCH_PATHS = (
					"$(inherited)",
					"@executable_path/Frameworks",
				);
				MARKETING_VERSION = 1.0;
				PRODUCT_BUNDLE_IDENTIFIER = "Leonhard-Tilly.Abgabe2";
				PRODUCT_NAME = "$(TARGET_NAME)";
				SWIFT_EMIT_LOC_STRINGS = YES;
				SWIFT_VERSION = 5.0;
				TARGETED_DEVICE_FAMILY = "1,2";
			};
			name = Release;
		};
		1994209A2AE5C39F0062EB8A /* Debug */ = {
			isa = XCBuildConfiguration;
			buildSettings = {
				ALWAYS_EMBED_SWIFT_STANDARD_LIBRARIES = YES;
				BUNDLE_LOADER = "$(TEST_HOST)";
				CODE_SIGN_STYLE = Automatic;
				CURRENT_PROJECT_VERSION = 1;
				GENERATE_INFOPLIST_FILE = YES;
				IPHONEOS_DEPLOYMENT_TARGET = 17.0;
				MARKETING_VERSION = 1.0;
				PRODUCT_BUNDLE_IDENTIFIER = "Leonhard-Tilly.Abgabe2Tests";
				PRODUCT_NAME = "$(TARGET_NAME)";
				SWIFT_EMIT_LOC_STRINGS = NO;
				SWIFT_VERSION = 5.0;
				TARGETED_DEVICE_FAMILY = "1,2";
				TEST_HOST = "$(BUILT_PRODUCTS_DIR)/Abgabe2.app/$(BUNDLE_EXECUTABLE_FOLDER_PATH)/Abgabe2";
			};
			name = Debug;
		};
		1994209B2AE5C39F0062EB8A /* Release */ = {
			isa = XCBuildConfiguration;
			buildSettings = {
				ALWAYS_EMBED_SWIFT_STANDARD_LIBRARIES = YES;
				BUNDLE_LOADER = "$(TEST_HOST)";
				CODE_SIGN_STYLE = Automatic;
				CURRENT_PROJECT_VERSION = 1;
				GENERATE_INFOPLIST_FILE = YES;
				IPHONEOS_DEPLOYMENT_TARGET = 17.0;
				MARKETING_VERSION = 1.0;
				PRODUCT_BUNDLE_IDENTIFIER = "Leonhard-Tilly.Abgabe2Tests";
				PRODUCT_NAME = "$(TARGET_NAME)";
				SWIFT_EMIT_LOC_STRINGS = NO;
				SWIFT_VERSION = 5.0;
				TARGETED_DEVICE_FAMILY = "1,2";
				TEST_HOST = "$(BUILT_PRODUCTS_DIR)/Abgabe2.app/$(BUNDLE_EXECUTABLE_FOLDER_PATH)/Abgabe2";
			};
			name = Release;
		};
		1994209D2AE5C39F0062EB8A /* Debug */ = {
			isa = XCBuildConfiguration;
			buildSettings = {
				ALWAYS_EMBED_SWIFT_STANDARD_LIBRARIES = YES;
				CODE_SIGN_STYLE = Automatic;
				CURRENT_PROJECT_VERSION = 1;
				GENERATE_INFOPLIST_FILE = YES;
				MARKETING_VERSION = 1.0;
				PRODUCT_BUNDLE_IDENTIFIER = "Leonhard-Tilly.Abgabe2UITests";
				PRODUCT_NAME = "$(TARGET_NAME)";
				SWIFT_EMIT_LOC_STRINGS = NO;
				SWIFT_VERSION = 5.0;
				TARGETED_DEVICE_FAMILY = "1,2";
				TEST_TARGET_NAME = Abgabe2;
			};
			name = Debug;
		};
		1994209E2AE5C39F0062EB8A /* Release */ = {
			isa = XCBuildConfiguration;
			buildSettings = {
				ALWAYS_EMBED_SWIFT_STANDARD_LIBRARIES = YES;
				CODE_SIGN_STYLE = Automatic;
				CURRENT_PROJECT_VERSION = 1;
				GENERATE_INFOPLIST_FILE = YES;
				MARKETING_VERSION = 1.0;
				PRODUCT_BUNDLE_IDENTIFIER = "Leonhard-Tilly.Abgabe2UITests";
				PRODUCT_NAME = "$(TARGET_NAME)";
				SWIFT_EMIT_LOC_STRINGS = NO;
				SWIFT_VERSION = 5.0;
				TARGETED_DEVICE_FAMILY = "1,2";
				TEST_TARGET_NAME = Abgabe2;
			};
			name = Release;
		};
/* End XCBuildConfiguration section */

/* Begin XCConfigurationList section */
		1994206D2AE5C39E0062EB8A /* Build configuration list for PBXProject "Abgabe2" */ = {
			isa = XCConfigurationList;
			buildConfigurations = (
				199420942AE5C39F0062EB8A /* Debug */,
				199420952AE5C39F0062EB8A /* Release */,
			);
			defaultConfigurationIsVisible = 0;
			defaultConfigurationName = Release;
		};
		199420962AE5C39F0062EB8A /* Build configuration list for PBXNativeTarget "Abgabe2" */ = {
			isa = XCConfigurationList;
			buildConfigurations = (
				199420972AE5C39F0062EB8A /* Debug */,
				199420982AE5C39F0062EB8A /* Release */,
			);
			defaultConfigurationIsVisible = 0;
			defaultConfigurationName = Release;
		};
		199420992AE5C39F0062EB8A /* Build configuration list for PBXNativeTarget "Abgabe2Tests" */ = {
			isa = XCConfigurationList;
			buildConfigurations = (
				1994209A2AE5C39F0062EB8A /* Debug */,
				1994209B2AE5C39F0062EB8A /* Release */,
			);
			defaultConfigurationIsVisible = 0;
			defaultConfigurationName = Release;
		};
		1994209C2AE5C39F0062EB8A /* Build configuration list for PBXNativeTarget "Abgabe2UITests" */ = {
			isa = XCConfigurationList;
			buildConfigurations = (
				1994209D2AE5C39F0062EB8A /* Debug */,
				1994209E2AE5C39F0062EB8A /* Release */,
			);
			defaultConfigurationIsVisible = 0;
			defaultConfigurationName = Release;
		};
/* End XCConfigurationList section */
	};
	rootObject = 1994206A2AE5C39E0062EB8A /* Project object */;
}
